// !$*UTF8*$!
{
	archiveVersion = 1;
	classes = {
	};
	objectVersion = 51;
	objects = {

/* Begin PBXBuildFile section */
		140826B925867EC400DC055D /* ImagePostCell.swift in Sources */ = {isa = PBXBuildFile; fileRef = 140826B725867EC400DC055D /* ImagePostCell.swift */; };
		140826BA25867EC400DC055D /* ImagePostCell.xib in Resources */ = {isa = PBXBuildFile; fileRef = 140826B825867EC400DC055D /* ImagePostCell.xib */; };
		140A034625753BF900E19FDD /* PostView.swift in Sources */ = {isa = PBXBuildFile; fileRef = 140A034525753BF900E19FDD /* PostView.swift */; };
		140A034C257549B900E19FDD /* MomentsCollectionView.swift in Sources */ = {isa = PBXBuildFile; fileRef = 140A034B257549B900E19FDD /* MomentsCollectionView.swift */; };
		141318C22590881700B396D9 /* Chat.swift in Sources */ = {isa = PBXBuildFile; fileRef = 141318C12590881700B396D9 /* Chat.swift */; };
		14169C95259B9E57003C047F /* ExploreViewCellModel.swift in Sources */ = {isa = PBXBuildFile; fileRef = 14169C94259B9E57003C047F /* ExploreViewCellModel.swift */; };
		14169C99259B9EE5003C047F /* ExploreViewCollectionModel.swift in Sources */ = {isa = PBXBuildFile; fileRef = 14169C98259B9EE5003C047F /* ExploreViewCollectionModel.swift */; };
		141FF441258270C70030FF67 /* ConversationsVC.swift in Sources */ = {isa = PBXBuildFile; fileRef = 141FF440258270C70030FF67 /* ConversationsVC.swift */; };
		14251374259F898A00DC08BB /* CreatePostVC.swift in Sources */ = {isa = PBXBuildFile; fileRef = 14251373259F898A00DC08BB /* CreatePostVC.swift */; };
		14251378259F89F800DC08BB /* NotificationsVC.swift in Sources */ = {isa = PBXBuildFile; fileRef = 14251377259F89F800DC08BB /* NotificationsVC.swift */; };
		1425137C259F8C0100DC08BB /* Notification.swift in Sources */ = {isa = PBXBuildFile; fileRef = 1425137B259F8C0100DC08BB /* Notification.swift */; };
		14251383259F936500DC08BB /* NotificationCell.swift in Sources */ = {isa = PBXBuildFile; fileRef = 14251381259F936500DC08BB /* NotificationCell.swift */; };
		14251384259F936500DC08BB /* NotificationCell.xib in Resources */ = {isa = PBXBuildFile; fileRef = 14251382259F936500DC08BB /* NotificationCell.xib */; };
		1446C64125A1D5F00045BB65 /* JarvisMenu.storyboard in Resources */ = {isa = PBXBuildFile; fileRef = 1446C63F25A1D5F00045BB65 /* JarvisMenu.storyboard */; };
		1446C64225A1D5F00045BB65 /* MenuViewController.swift in Sources */ = {isa = PBXBuildFile; fileRef = 1446C64025A1D5F00045BB65 /* MenuViewController.swift */; };
		1446C65825A1E0FF0045BB65 /* GoogleService-Info.plist in Resources */ = {isa = PBXBuildFile; fileRef = 1446C65725A1E0FF0045BB65 /* GoogleService-Info.plist */; };
		1456021025724DEE0093FDA7 /* InterestsViewController.swift in Sources */ = {isa = PBXBuildFile; fileRef = 1456020F25724DEE0093FDA7 /* InterestsViewController.swift */; };
		14607A6F25A0618D009B3B50 /* CreatePostCell.swift in Sources */ = {isa = PBXBuildFile; fileRef = 14607A6D25A0618D009B3B50 /* CreatePostCell.swift */; };
		14607A7025A0618D009B3B50 /* CreatePostCell.xib in Resources */ = {isa = PBXBuildFile; fileRef = 14607A6E25A0618D009B3B50 /* CreatePostCell.xib */; };
		14607A7C25A0DDE5009B3B50 /* UpperProfileModel.swift in Sources */ = {isa = PBXBuildFile; fileRef = 14607A7B25A0DDE5009B3B50 /* UpperProfileModel.swift */; };
		14618A312584D7E70067C3AF /* OwnedProfileViewController.swift in Sources */ = {isa = PBXBuildFile; fileRef = 14618A302584D7E70067C3AF /* OwnedProfileViewController.swift */; };
		1462BB0E257E47C30096FD23 /* XYworldVC.swift in Sources */ = {isa = PBXBuildFile; fileRef = 1462BB0D257E47C30096FD23 /* XYworldVC.swift */; };
		1462BB14257E4DC00096FD23 /* Message.swift in Sources */ = {isa = PBXBuildFile; fileRef = 1462BB13257E4DC00096FD23 /* Message.swift */; };
		148218C3258FF52700676556 /* ChatVC.swift in Sources */ = {isa = PBXBuildFile; fileRef = 148218C2258FF52700676556 /* ChatVC.swift */; };
		148935BF25A2686F00CB60C3 /* ConversationPreview.swift in Sources */ = {isa = PBXBuildFile; fileRef = 148935BE25A2686F00CB60C3 /* ConversationPreview.swift */; };
		148935F225A26AFC00CB60C3 /* ConversationCell.swift in Sources */ = {isa = PBXBuildFile; fileRef = 148935F025A26AFC00CB60C3 /* ConversationCell.swift */; };
		148935F325A26AFC00CB60C3 /* ConversationCell.xib in Resources */ = {isa = PBXBuildFile; fileRef = 148935F125A26AFC00CB60C3 /* ConversationCell.xib */; };
		149868692573EF0900D0B981 /* CustomizeProfileViewController.swift in Sources */ = {isa = PBXBuildFile; fileRef = 149868682573EF0900D0B981 /* CustomizeProfileViewController.swift */; };
		149AD69C259B52A800E81ABC /* ExploreViewController.swift in Sources */ = {isa = PBXBuildFile; fileRef = 149AD69B259B52A800E81ABC /* ExploreViewController.swift */; };
		149AD6D4259B94FE00E81ABC /* ExploreTableViewCell.swift in Sources */ = {isa = PBXBuildFile; fileRef = 149AD6D2259B94FE00E81ABC /* ExploreTableViewCell.swift */; };
		149AD6D5259B94FE00E81ABC /* ExploreTableViewCell.xib in Resources */ = {isa = PBXBuildFile; fileRef = 149AD6D3259B94FE00E81ABC /* ExploreTableViewCell.xib */; };
		149AD6DA259B993B00E81ABC /* ExploreCollectionViewCell.swift in Sources */ = {isa = PBXBuildFile; fileRef = 149AD6D8259B993B00E81ABC /* ExploreCollectionViewCell.swift */; };
		149AD6DB259B993B00E81ABC /* ExploreCollectionViewCell.xib in Resources */ = {isa = PBXBuildFile; fileRef = 149AD6D9259B993B00E81ABC /* ExploreCollectionViewCell.xib */; };
		14A36073259CB51C002829D7 /* FlowMomentsTableViewCell.swift in Sources */ = {isa = PBXBuildFile; fileRef = 14A36071259CB51C002829D7 /* FlowMomentsTableViewCell.swift */; };
		14A36074259CB51C002829D7 /* FlowMomentsTableViewCell.xib in Resources */ = {isa = PBXBuildFile; fileRef = 14A36072259CB51C002829D7 /* FlowMomentsTableViewCell.xib */; };
		14A3607C259CB6E9002829D7 /* MomentsCollectionViewCell.swift in Sources */ = {isa = PBXBuildFile; fileRef = 14A3607A259CB6E9002829D7 /* MomentsCollectionViewCell.swift */; };
		14A3607D259CB6E9002829D7 /* MomentsCollectionViewCell.xib in Resources */ = {isa = PBXBuildFile; fileRef = 14A3607B259CB6E9002829D7 /* MomentsCollectionViewCell.xib */; };
		14A36081259CB88D002829D7 /* MomentsModel.swift in Sources */ = {isa = PBXBuildFile; fileRef = 14A36080259CB88D002829D7 /* MomentsModel.swift */; };
		14A72D0D258F8CE10015D9CA /* WaitingButtonModel.swift in Sources */ = {isa = PBXBuildFile; fileRef = 14A72D0C258F8CE10015D9CA /* WaitingButtonModel.swift */; };
		14B22647258D1484006966FC /* MomentsCollection.swift in Sources */ = {isa = PBXBuildFile; fileRef = 14B22645258D1484006966FC /* MomentsCollection.swift */; };
		14B22648258D1484006966FC /* MomentsCollection.xib in Resources */ = {isa = PBXBuildFile; fileRef = 14B22646258D1484006966FC /* MomentsCollection.xib */; };
		14BDAF6325A30A4800D19282 /* ChatUserInfo.swift in Sources */ = {isa = PBXBuildFile; fileRef = 14BDAF6225A30A4800D19282 /* ChatUserInfo.swift */; };
		14BDAF6825A313CB00D19282 /* UserInfoChat.swift in Sources */ = {isa = PBXBuildFile; fileRef = 14BDAF6625A313CB00D19282 /* UserInfoChat.swift */; };
		14BDAF6925A313CB00D19282 /* UserInfoChat.xib in Resources */ = {isa = PBXBuildFile; fileRef = 14BDAF6725A313CB00D19282 /* UserInfoChat.xib */; };
		14BDAF8425A37DD800D19282 /* MessagesChat.swift in Sources */ = {isa = PBXBuildFile; fileRef = 14BDAF8325A37DD800D19282 /* MessagesChat.swift */; };
		14C96787258E455B00E072EA /* Constants.swift in Sources */ = {isa = PBXBuildFile; fileRef = 14C96786258E455B00E072EA /* Constants.swift */; };
		14C99E2E25A0EE7E00FFE003 /* ProfileVC.swift in Sources */ = {isa = PBXBuildFile; fileRef = 14C99E2D25A0EE7E00FFE003 /* ProfileVC.swift */; };
		14C99E3525A0F31300FFE003 /* ProfileUpperCell.swift in Sources */ = {isa = PBXBuildFile; fileRef = 14C99E3325A0F31300FFE003 /* ProfileUpperCell.swift */; };
		14C99E3625A0F31300FFE003 /* ProfileUpperCell.xib in Resources */ = {isa = PBXBuildFile; fileRef = 14C99E3425A0F31300FFE003 /* ProfileUpperCell.xib */; };
		14CDAE90257ECC7B0037A99F /* ConversationsCells.swift in Sources */ = {isa = PBXBuildFile; fileRef = 14CDAE8E257ECC7B0037A99F /* ConversationsCells.swift */; };
		14FF8A6025A3856E002FE645 /* MessageCell.swift in Sources */ = {isa = PBXBuildFile; fileRef = 14FF8A5E25A3856E002FE645 /* MessageCell.swift */; };
		14FF8A6125A3856E002FE645 /* MessageCell.xib in Resources */ = {isa = PBXBuildFile; fileRef = 14FF8A5F25A3856E002FE645 /* MessageCell.xib */; };
		B8913452A7DE311BBB40F65E /* Pods_XY_APPTests.framework in Frameworks */ = {isa = PBXBuildFile; fileRef = 0184EA11A236F0143134B645 /* Pods_XY_APPTests.framework */; };
		B926225E25A234A100BA2FB0 /* LaunchVC.swift in Sources */ = {isa = PBXBuildFile; fileRef = B926225D25A234A100BA2FB0 /* LaunchVC.swift */; };
		B926B9DF257D6ADA00BCA049 /* Profile.storyboard in Resources */ = {isa = PBXBuildFile; fileRef = B926B9DE257D6ADA00BCA049 /* Profile.storyboard */; };
		B93D1BDE2597DB7A009ADBFC /* CustomizeProfile.storyboard in Resources */ = {isa = PBXBuildFile; fileRef = B93D1BDD2597DB7A009ADBFC /* CustomizeProfile.storyboard */; };
		B93D1BEE2597E9C6009ADBFC /* XY_APPTests.swift in Sources */ = {isa = PBXBuildFile; fileRef = B93D1BED2597E9C6009ADBFC /* XY_APPTests.swift */; };
		B93D1BF92597E9F9009ADBFC /* CustomizeProfileTests.swift in Sources */ = {isa = PBXBuildFile; fileRef = B93D1BE42597E8CD009ADBFC /* CustomizeProfileTests.swift */; };
		B945385C258E18070000BB8A /* XPLevel.swift in Sources */ = {isa = PBXBuildFile; fileRef = B945385B258E18070000BB8A /* XPLevel.swift */; };
		B9453860258E2E190000BB8A /* WritePostViewTableViewCell.swift in Sources */ = {isa = PBXBuildFile; fileRef = B945385E258E2E190000BB8A /* WritePostViewTableViewCell.swift */; };
		B9453861258E2E190000BB8A /* WritePostViewTableViewCell.xib in Resources */ = {isa = PBXBuildFile; fileRef = B945385F258E2E190000BB8A /* WritePostViewTableViewCell.xib */; };
		B94917C82584D75800930C2F /* Persistentdata.swift in Sources */ = {isa = PBXBuildFile; fileRef = B94917C72584D75800930C2F /* Persistentdata.swift */; };
		B94917D625852BAF00930C2F /* PersistentSession+CoreDataClass.swift in Sources */ = {isa = PBXBuildFile; fileRef = B94917D425852BAF00930C2F /* PersistentSession+CoreDataClass.swift */; };
		B94917D725852BAF00930C2F /* PersistentSession+CoreDataProperties.swift in Sources */ = {isa = PBXBuildFile; fileRef = B94917D525852BAF00930C2F /* PersistentSession+CoreDataProperties.swift */; };
		B94D46F1257253BA00A21355 /* PostModel.swift in Sources */ = {isa = PBXBuildFile; fileRef = B94D46F0257253BA00A21355 /* PostModel.swift */; };
		B94FA399257112C700A44085 /* Profile.swift in Sources */ = {isa = PBXBuildFile; fileRef = B94FA398257112C700A44085 /* Profile.swift */; };
		B950D6F7256D25460065E756 /* Messages.swift in Sources */ = {isa = PBXBuildFile; fileRef = B950D6F6256D25460065E756 /* Messages.swift */; };
		B950D6FB256D25B10065E756 /* APIRequest.swift in Sources */ = {isa = PBXBuildFile; fileRef = B950D6FA256D25B10065E756 /* APIRequest.swift */; };
		B9530020259F36CE00DE926A /* CircleView.swift in Sources */ = {isa = PBXBuildFile; fileRef = B953001F259F36CE00DE926A /* CircleView.swift */; };
		B9530026259F476000DE926A /* CircleView.xib in Resources */ = {isa = PBXBuildFile; fileRef = B9530025259F476000DE926A /* CircleView.xib */; };
		B9599A3C25711D810057B7D9 /* LoginViewController.swift in Sources */ = {isa = PBXBuildFile; fileRef = B9599A3B25711D810057B7D9 /* LoginViewController.swift */; };
		B9599A47257154EB0057B7D9 /* NewsFeedViewController.swift in Sources */ = {isa = PBXBuildFile; fileRef = B9599A46257154EB0057B7D9 /* NewsFeedViewController.swift */; };
		B95B63F025795A640004E293 /* HttpUtility.swift in Sources */ = {isa = PBXBuildFile; fileRef = B95B63EF25795A640004E293 /* HttpUtility.swift */; };
		B96B4549258A5E9D003083DB /* API.swift in Sources */ = {isa = PBXBuildFile; fileRef = B96B4548258A5E9D003083DB /* API.swift */; };
		B96B4552258A8524003083DB /* DateStringFormatter.swift in Sources */ = {isa = PBXBuildFile; fileRef = B96B4551258A8524003083DB /* DateStringFormatter.swift */; };
		B99DEE63258E8CF000ADF201 /* PostsAPI.swift in Sources */ = {isa = PBXBuildFile; fileRef = B99DEE62258E8CF000ADF201 /* PostsAPI.swift */; };
		B99DEEF72590FA2B00ADF201 /* Feedback.swift in Sources */ = {isa = PBXBuildFile; fileRef = B99DEEF62590FA2B00ADF201 /* Feedback.swift */; };
		B99DEF032591460700ADF201 /* FeedbackAPI.swift in Sources */ = {isa = PBXBuildFile; fileRef = B99DEF022591460700ADF201 /* FeedbackAPI.swift */; };
		B9AB79DE2585FFA400BD2C93 /* Session.swift in Sources */ = {isa = PBXBuildFile; fileRef = B9AB79DD2585FFA400BD2C93 /* Session.swift */; };
		B9B92DD425644A3F005D9B86 /* AppDelegate.swift in Sources */ = {isa = PBXBuildFile; fileRef = B9B92DD325644A3F005D9B86 /* AppDelegate.swift */; };
		B9B92DD625644A3F005D9B86 /* SceneDelegate.swift in Sources */ = {isa = PBXBuildFile; fileRef = B9B92DD525644A3F005D9B86 /* SceneDelegate.swift */; };
		B9B92DDB25644A3F005D9B86 /* Main.storyboard in Resources */ = {isa = PBXBuildFile; fileRef = B9B92DD925644A3F005D9B86 /* Main.storyboard */; };
		B9B92DDE25644A3F005D9B86 /* XY_APP.xcdatamodeld in Sources */ = {isa = PBXBuildFile; fileRef = B9B92DDC25644A3F005D9B86 /* XY_APP.xcdatamodeld */; };
		B9B92DE025644A41005D9B86 /* Assets.xcassets in Resources */ = {isa = PBXBuildFile; fileRef = B9B92DDF25644A41005D9B86 /* Assets.xcassets */; };
		B9B92DE325644A41005D9B86 /* LaunchScreen.storyboard in Resources */ = {isa = PBXBuildFile; fileRef = B9B92DE125644A41005D9B86 /* LaunchScreen.storyboard */; };
		B9B92DF225644F9B005D9B86 /* SignupViewController.swift in Sources */ = {isa = PBXBuildFile; fileRef = B9B92DF125644F9B005D9B86 /* SignupViewController.swift */; };
		B9BC11DC259BAFED004B7327 /* ProgressBarCircle.swift in Sources */ = {isa = PBXBuildFile; fileRef = B9BC11DB259BAFED004B7327 /* ProgressBarCircle.swift */; };
		B9CFA8542599ED9A00DE25D3 /* ProfileTests.swift in Sources */ = {isa = PBXBuildFile; fileRef = B9CFA8532599ED9A00DE25D3 /* ProfileTests.swift */; };
		B9F00B652587B0FD00EB87CB /* FlowTableView.swift in Sources */ = {isa = PBXBuildFile; fileRef = B9F00B642587B0FD00EB87CB /* FlowTableView.swift */; };
		B9F00B692587B31B00EB87CB /* ImageCache.swift in Sources */ = {isa = PBXBuildFile; fileRef = B9F00B682587B31B00EB87CB /* ImageCache.swift */; };
		B9F00B7D2588F67700EB87CB /* ProfileView.swift in Sources */ = {isa = PBXBuildFile; fileRef = B9F00B7C2588F67700EB87CB /* ProfileView.swift */; };
		B9F00B8025893FE400EB87CB /* OtherProfileViewController.swift in Sources */ = {isa = PBXBuildFile; fileRef = B9F00B7F25893FE400EB87CB /* OtherProfileViewController.swift */; };
		D4AF45A21E90EB85C8814087 /* Pods_XY_APP.framework in Frameworks */ = {isa = PBXBuildFile; fileRef = 7475997B9B6670EC9737322B /* Pods_XY_APP.framework */; };
/* End PBXBuildFile section */

/* Begin PBXContainerItemProxy section */
		B93D1BF02597E9C6009ADBFC /* PBXContainerItemProxy */ = {
			isa = PBXContainerItemProxy;
			containerPortal = B9B92DC825644A3F005D9B86 /* Project object */;
			proxyType = 1;
			remoteGlobalIDString = B9B92DCF25644A3F005D9B86;
			remoteInfo = XY_APP;
		};
/* End PBXContainerItemProxy section */

/* Begin PBXFileReference section */
		0184EA11A236F0143134B645 /* Pods_XY_APPTests.framework */ = {isa = PBXFileReference; explicitFileType = wrapper.framework; includeInIndex = 0; path = Pods_XY_APPTests.framework; sourceTree = BUILT_PRODUCTS_DIR; };
		02583F1FB54FB054D2EC25D4 /* Pods-XY_APPTests.debug.xcconfig */ = {isa = PBXFileReference; includeInIndex = 1; lastKnownFileType = text.xcconfig; name = "Pods-XY_APPTests.debug.xcconfig"; path = "Target Support Files/Pods-XY_APPTests/Pods-XY_APPTests.debug.xcconfig"; sourceTree = "<group>"; };
		13812B2840F408D53204E346 /* Pods-XY_APP.release.xcconfig */ = {isa = PBXFileReference; includeInIndex = 1; lastKnownFileType = text.xcconfig; name = "Pods-XY_APP.release.xcconfig"; path = "Target Support Files/Pods-XY_APP/Pods-XY_APP.release.xcconfig"; sourceTree = "<group>"; };
		1402ACDE257909F0007C518E /* ProfileViewController.swift */ = {isa = PBXFileReference; lastKnownFileType = sourcecode.swift; path = ProfileViewController.swift; sourceTree = "<group>"; };
		140826B725867EC400DC055D /* ImagePostCell.swift */ = {isa = PBXFileReference; lastKnownFileType = sourcecode.swift; path = ImagePostCell.swift; sourceTree = "<group>"; };
		140826B825867EC400DC055D /* ImagePostCell.xib */ = {isa = PBXFileReference; lastKnownFileType = file.xib; path = ImagePostCell.xib; sourceTree = "<group>"; };
		140A034525753BF900E19FDD /* PostView.swift */ = {isa = PBXFileReference; lastKnownFileType = sourcecode.swift; path = PostView.swift; sourceTree = "<group>"; };
		140A034B257549B900E19FDD /* MomentsCollectionView.swift */ = {isa = PBXFileReference; lastKnownFileType = sourcecode.swift; path = MomentsCollectionView.swift; sourceTree = "<group>"; };
		141318C12590881700B396D9 /* Chat.swift */ = {isa = PBXFileReference; lastKnownFileType = sourcecode.swift; path = Chat.swift; sourceTree = "<group>"; };
		14169C94259B9E57003C047F /* ExploreViewCellModel.swift */ = {isa = PBXFileReference; lastKnownFileType = sourcecode.swift; path = ExploreViewCellModel.swift; sourceTree = "<group>"; };
		14169C98259B9EE5003C047F /* ExploreViewCollectionModel.swift */ = {isa = PBXFileReference; lastKnownFileType = sourcecode.swift; path = ExploreViewCollectionModel.swift; sourceTree = "<group>"; };
		141FF440258270C70030FF67 /* ConversationsVC.swift */ = {isa = PBXFileReference; lastKnownFileType = sourcecode.swift; path = ConversationsVC.swift; sourceTree = "<group>"; };
		14251373259F898A00DC08BB /* CreatePostVC.swift */ = {isa = PBXFileReference; lastKnownFileType = sourcecode.swift; path = CreatePostVC.swift; sourceTree = "<group>"; };
		14251377259F89F800DC08BB /* NotificationsVC.swift */ = {isa = PBXFileReference; lastKnownFileType = sourcecode.swift; path = NotificationsVC.swift; sourceTree = "<group>"; };
		1425137B259F8C0100DC08BB /* Notification.swift */ = {isa = PBXFileReference; lastKnownFileType = sourcecode.swift; path = Notification.swift; sourceTree = "<group>"; };
		14251381259F936500DC08BB /* NotificationCell.swift */ = {isa = PBXFileReference; lastKnownFileType = sourcecode.swift; path = NotificationCell.swift; sourceTree = "<group>"; };
		14251382259F936500DC08BB /* NotificationCell.xib */ = {isa = PBXFileReference; lastKnownFileType = file.xib; path = NotificationCell.xib; sourceTree = "<group>"; };
		1446C63F25A1D5F00045BB65 /* JarvisMenu.storyboard */ = {isa = PBXFileReference; fileEncoding = 4; lastKnownFileType = file.storyboard; path = JarvisMenu.storyboard; sourceTree = "<group>"; };
		1446C64025A1D5F00045BB65 /* MenuViewController.swift */ = {isa = PBXFileReference; fileEncoding = 4; lastKnownFileType = sourcecode.swift; path = MenuViewController.swift; sourceTree = "<group>"; };
		1446C65725A1E0FF0045BB65 /* GoogleService-Info.plist */ = {isa = PBXFileReference; fileEncoding = 4; lastKnownFileType = text.plist.xml; path = "GoogleService-Info.plist"; sourceTree = "<group>"; };
		1456020F25724DEE0093FDA7 /* InterestsViewController.swift */ = {isa = PBXFileReference; lastKnownFileType = sourcecode.swift; path = InterestsViewController.swift; sourceTree = "<group>"; };
		14607A6D25A0618D009B3B50 /* CreatePostCell.swift */ = {isa = PBXFileReference; lastKnownFileType = sourcecode.swift; path = CreatePostCell.swift; sourceTree = "<group>"; };
		14607A6E25A0618D009B3B50 /* CreatePostCell.xib */ = {isa = PBXFileReference; lastKnownFileType = file.xib; path = CreatePostCell.xib; sourceTree = "<group>"; };
		14607A7B25A0DDE5009B3B50 /* UpperProfileModel.swift */ = {isa = PBXFileReference; lastKnownFileType = sourcecode.swift; path = UpperProfileModel.swift; sourceTree = "<group>"; };
		14618A302584D7E70067C3AF /* OwnedProfileViewController.swift */ = {isa = PBXFileReference; lastKnownFileType = sourcecode.swift; path = OwnedProfileViewController.swift; sourceTree = "<group>"; };
		1462BB0D257E47C30096FD23 /* XYworldVC.swift */ = {isa = PBXFileReference; lastKnownFileType = sourcecode.swift; path = XYworldVC.swift; sourceTree = "<group>"; };
		1462BB13257E4DC00096FD23 /* Message.swift */ = {isa = PBXFileReference; lastKnownFileType = sourcecode.swift; path = Message.swift; sourceTree = "<group>"; };
		148218C2258FF52700676556 /* ChatVC.swift */ = {isa = PBXFileReference; lastKnownFileType = sourcecode.swift; path = ChatVC.swift; sourceTree = "<group>"; };
		148935BE25A2686F00CB60C3 /* ConversationPreview.swift */ = {isa = PBXFileReference; lastKnownFileType = sourcecode.swift; path = ConversationPreview.swift; sourceTree = "<group>"; };
		148935F025A26AFC00CB60C3 /* ConversationCell.swift */ = {isa = PBXFileReference; lastKnownFileType = sourcecode.swift; path = ConversationCell.swift; sourceTree = "<group>"; };
		148935F125A26AFC00CB60C3 /* ConversationCell.xib */ = {isa = PBXFileReference; lastKnownFileType = file.xib; path = ConversationCell.xib; sourceTree = "<group>"; };
		149868682573EF0900D0B981 /* CustomizeProfileViewController.swift */ = {isa = PBXFileReference; lastKnownFileType = sourcecode.swift; path = CustomizeProfileViewController.swift; sourceTree = "<group>"; };
		149AD69B259B52A800E81ABC /* ExploreViewController.swift */ = {isa = PBXFileReference; lastKnownFileType = sourcecode.swift; path = ExploreViewController.swift; sourceTree = "<group>"; };
		149AD6D2259B94FE00E81ABC /* ExploreTableViewCell.swift */ = {isa = PBXFileReference; lastKnownFileType = sourcecode.swift; path = ExploreTableViewCell.swift; sourceTree = "<group>"; };
		149AD6D3259B94FE00E81ABC /* ExploreTableViewCell.xib */ = {isa = PBXFileReference; lastKnownFileType = file.xib; path = ExploreTableViewCell.xib; sourceTree = "<group>"; };
		149AD6D8259B993B00E81ABC /* ExploreCollectionViewCell.swift */ = {isa = PBXFileReference; lastKnownFileType = sourcecode.swift; path = ExploreCollectionViewCell.swift; sourceTree = "<group>"; };
		149AD6D9259B993B00E81ABC /* ExploreCollectionViewCell.xib */ = {isa = PBXFileReference; lastKnownFileType = file.xib; path = ExploreCollectionViewCell.xib; sourceTree = "<group>"; };
		14A36071259CB51C002829D7 /* FlowMomentsTableViewCell.swift */ = {isa = PBXFileReference; lastKnownFileType = sourcecode.swift; path = FlowMomentsTableViewCell.swift; sourceTree = "<group>"; };
		14A36072259CB51C002829D7 /* FlowMomentsTableViewCell.xib */ = {isa = PBXFileReference; lastKnownFileType = file.xib; path = FlowMomentsTableViewCell.xib; sourceTree = "<group>"; };
		14A3607A259CB6E9002829D7 /* MomentsCollectionViewCell.swift */ = {isa = PBXFileReference; lastKnownFileType = sourcecode.swift; path = MomentsCollectionViewCell.swift; sourceTree = "<group>"; };
		14A3607B259CB6E9002829D7 /* MomentsCollectionViewCell.xib */ = {isa = PBXFileReference; lastKnownFileType = file.xib; path = MomentsCollectionViewCell.xib; sourceTree = "<group>"; };
		14A36080259CB88D002829D7 /* MomentsModel.swift */ = {isa = PBXFileReference; lastKnownFileType = sourcecode.swift; path = MomentsModel.swift; sourceTree = "<group>"; };
		14A72D0C258F8CE10015D9CA /* WaitingButtonModel.swift */ = {isa = PBXFileReference; lastKnownFileType = sourcecode.swift; path = WaitingButtonModel.swift; sourceTree = "<group>"; };
		14B22645258D1484006966FC /* MomentsCollection.swift */ = {isa = PBXFileReference; lastKnownFileType = sourcecode.swift; path = MomentsCollection.swift; sourceTree = "<group>"; };
		14B22646258D1484006966FC /* MomentsCollection.xib */ = {isa = PBXFileReference; lastKnownFileType = file.xib; path = MomentsCollection.xib; sourceTree = "<group>"; };
		14BDAF6225A30A4800D19282 /* ChatUserInfo.swift */ = {isa = PBXFileReference; lastKnownFileType = sourcecode.swift; path = ChatUserInfo.swift; sourceTree = "<group>"; };
		14BDAF6625A313CB00D19282 /* UserInfoChat.swift */ = {isa = PBXFileReference; lastKnownFileType = sourcecode.swift; path = UserInfoChat.swift; sourceTree = "<group>"; };
		14BDAF6725A313CB00D19282 /* UserInfoChat.xib */ = {isa = PBXFileReference; lastKnownFileType = file.xib; path = UserInfoChat.xib; sourceTree = "<group>"; };
		14BDAF8325A37DD800D19282 /* MessagesChat.swift */ = {isa = PBXFileReference; lastKnownFileType = sourcecode.swift; path = MessagesChat.swift; sourceTree = "<group>"; };
		14C96786258E455B00E072EA /* Constants.swift */ = {isa = PBXFileReference; fileEncoding = 4; lastKnownFileType = sourcecode.swift; path = Constants.swift; sourceTree = "<group>"; };
		14C99E2D25A0EE7E00FFE003 /* ProfileVC.swift */ = {isa = PBXFileReference; lastKnownFileType = sourcecode.swift; path = ProfileVC.swift; sourceTree = "<group>"; };
		14C99E3325A0F31300FFE003 /* ProfileUpperCell.swift */ = {isa = PBXFileReference; lastKnownFileType = sourcecode.swift; path = ProfileUpperCell.swift; sourceTree = "<group>"; };
		14C99E3425A0F31300FFE003 /* ProfileUpperCell.xib */ = {isa = PBXFileReference; lastKnownFileType = file.xib; path = ProfileUpperCell.xib; sourceTree = "<group>"; };
		14CDAE8E257ECC7B0037A99F /* ConversationsCells.swift */ = {isa = PBXFileReference; lastKnownFileType = sourcecode.swift; path = ConversationsCells.swift; sourceTree = "<group>"; };
		14FF8A5E25A3856E002FE645 /* MessageCell.swift */ = {isa = PBXFileReference; lastKnownFileType = sourcecode.swift; path = MessageCell.swift; sourceTree = "<group>"; };
		14FF8A5F25A3856E002FE645 /* MessageCell.xib */ = {isa = PBXFileReference; lastKnownFileType = file.xib; path = MessageCell.xib; sourceTree = "<group>"; };
		65F8F855007A762983BC2D49 /* Pods-XY_APP.debug.xcconfig */ = {isa = PBXFileReference; includeInIndex = 1; lastKnownFileType = text.xcconfig; name = "Pods-XY_APP.debug.xcconfig"; path = "Target Support Files/Pods-XY_APP/Pods-XY_APP.debug.xcconfig"; sourceTree = "<group>"; };
		6F94382B0FE020F753BC9A88 /* Pods-XY_APPTests.release.xcconfig */ = {isa = PBXFileReference; includeInIndex = 1; lastKnownFileType = text.xcconfig; name = "Pods-XY_APPTests.release.xcconfig"; path = "Target Support Files/Pods-XY_APPTests/Pods-XY_APPTests.release.xcconfig"; sourceTree = "<group>"; };
		7475997B9B6670EC9737322B /* Pods_XY_APP.framework */ = {isa = PBXFileReference; explicitFileType = wrapper.framework; includeInIndex = 0; path = Pods_XY_APP.framework; sourceTree = BUILT_PRODUCTS_DIR; };
		B926225D25A234A100BA2FB0 /* LaunchVC.swift */ = {isa = PBXFileReference; lastKnownFileType = sourcecode.swift; path = LaunchVC.swift; sourceTree = "<group>"; };
		B926B9DE257D6ADA00BCA049 /* Profile.storyboard */ = {isa = PBXFileReference; lastKnownFileType = file.storyboard; path = Profile.storyboard; sourceTree = "<group>"; };
		B93D1BDD2597DB7A009ADBFC /* CustomizeProfile.storyboard */ = {isa = PBXFileReference; lastKnownFileType = file.storyboard; path = CustomizeProfile.storyboard; sourceTree = "<group>"; };
		B93D1BE42597E8CD009ADBFC /* CustomizeProfileTests.swift */ = {isa = PBXFileReference; lastKnownFileType = sourcecode.swift; path = CustomizeProfileTests.swift; sourceTree = "<group>"; };
		B93D1BEB2597E9C6009ADBFC /* XY_APPTests.xctest */ = {isa = PBXFileReference; explicitFileType = wrapper.cfbundle; includeInIndex = 0; path = XY_APPTests.xctest; sourceTree = BUILT_PRODUCTS_DIR; };
		B93D1BED2597E9C6009ADBFC /* XY_APPTests.swift */ = {isa = PBXFileReference; lastKnownFileType = sourcecode.swift; path = XY_APPTests.swift; sourceTree = "<group>"; };
		B93D1BEF2597E9C6009ADBFC /* Info.plist */ = {isa = PBXFileReference; lastKnownFileType = text.plist.xml; path = Info.plist; sourceTree = "<group>"; };
		B945385B258E18070000BB8A /* XPLevel.swift */ = {isa = PBXFileReference; lastKnownFileType = sourcecode.swift; path = XPLevel.swift; sourceTree = "<group>"; };
		B945385E258E2E190000BB8A /* WritePostViewTableViewCell.swift */ = {isa = PBXFileReference; lastKnownFileType = sourcecode.swift; path = WritePostViewTableViewCell.swift; sourceTree = "<group>"; };
		B945385F258E2E190000BB8A /* WritePostViewTableViewCell.xib */ = {isa = PBXFileReference; lastKnownFileType = file.xib; path = WritePostViewTableViewCell.xib; sourceTree = "<group>"; };
		B94917C72584D75800930C2F /* Persistentdata.swift */ = {isa = PBXFileReference; lastKnownFileType = sourcecode.swift; path = Persistentdata.swift; sourceTree = "<group>"; };
		B94917D425852BAF00930C2F /* PersistentSession+CoreDataClass.swift */ = {isa = PBXFileReference; lastKnownFileType = sourcecode.swift; path = "PersistentSession+CoreDataClass.swift"; sourceTree = "<group>"; };
		B94917D525852BAF00930C2F /* PersistentSession+CoreDataProperties.swift */ = {isa = PBXFileReference; lastKnownFileType = sourcecode.swift; path = "PersistentSession+CoreDataProperties.swift"; sourceTree = "<group>"; };
		B94D46F0257253BA00A21355 /* PostModel.swift */ = {isa = PBXFileReference; lastKnownFileType = sourcecode.swift; path = PostModel.swift; sourceTree = "<group>"; };
		B94FA398257112C700A44085 /* Profile.swift */ = {isa = PBXFileReference; lastKnownFileType = sourcecode.swift; path = Profile.swift; sourceTree = "<group>"; };
		B950D6F6256D25460065E756 /* Messages.swift */ = {isa = PBXFileReference; lastKnownFileType = sourcecode.swift; path = Messages.swift; sourceTree = "<group>"; };
		B950D6FA256D25B10065E756 /* APIRequest.swift */ = {isa = PBXFileReference; lastKnownFileType = sourcecode.swift; path = APIRequest.swift; sourceTree = "<group>"; };
		B953001F259F36CE00DE926A /* CircleView.swift */ = {isa = PBXFileReference; lastKnownFileType = sourcecode.swift; path = CircleView.swift; sourceTree = "<group>"; };
		B9530025259F476000DE926A /* CircleView.xib */ = {isa = PBXFileReference; lastKnownFileType = file.xib; path = CircleView.xib; sourceTree = "<group>"; };
		B9599A3B25711D810057B7D9 /* LoginViewController.swift */ = {isa = PBXFileReference; lastKnownFileType = sourcecode.swift; path = LoginViewController.swift; sourceTree = "<group>"; };
		B9599A46257154EB0057B7D9 /* NewsFeedViewController.swift */ = {isa = PBXFileReference; lastKnownFileType = sourcecode.swift; path = NewsFeedViewController.swift; sourceTree = "<group>"; };
		B95B63EF25795A640004E293 /* HttpUtility.swift */ = {isa = PBXFileReference; lastKnownFileType = sourcecode.swift; path = HttpUtility.swift; sourceTree = "<group>"; };
		B96B4548258A5E9D003083DB /* API.swift */ = {isa = PBXFileReference; lastKnownFileType = sourcecode.swift; path = API.swift; sourceTree = "<group>"; };
		B96B4551258A8524003083DB /* DateStringFormatter.swift */ = {isa = PBXFileReference; lastKnownFileType = sourcecode.swift; path = DateStringFormatter.swift; sourceTree = "<group>"; };
		B99DEE62258E8CF000ADF201 /* PostsAPI.swift */ = {isa = PBXFileReference; lastKnownFileType = sourcecode.swift; path = PostsAPI.swift; sourceTree = "<group>"; };
		B99DEEF62590FA2B00ADF201 /* Feedback.swift */ = {isa = PBXFileReference; lastKnownFileType = sourcecode.swift; path = Feedback.swift; sourceTree = "<group>"; };
		B99DEF022591460700ADF201 /* FeedbackAPI.swift */ = {isa = PBXFileReference; lastKnownFileType = sourcecode.swift; path = FeedbackAPI.swift; sourceTree = "<group>"; };
		B9AB79DD2585FFA400BD2C93 /* Session.swift */ = {isa = PBXFileReference; lastKnownFileType = sourcecode.swift; path = Session.swift; sourceTree = "<group>"; };
		B9B92DD025644A3F005D9B86 /* XY_APP.app */ = {isa = PBXFileReference; explicitFileType = wrapper.application; includeInIndex = 0; path = XY_APP.app; sourceTree = BUILT_PRODUCTS_DIR; };
		B9B92DD325644A3F005D9B86 /* AppDelegate.swift */ = {isa = PBXFileReference; lastKnownFileType = sourcecode.swift; path = AppDelegate.swift; sourceTree = "<group>"; };
		B9B92DD525644A3F005D9B86 /* SceneDelegate.swift */ = {isa = PBXFileReference; lastKnownFileType = sourcecode.swift; path = SceneDelegate.swift; sourceTree = "<group>"; };
		B9B92DDA25644A3F005D9B86 /* Base */ = {isa = PBXFileReference; lastKnownFileType = file.storyboard; name = Base; path = Base.lproj/Main.storyboard; sourceTree = "<group>"; };
		B9B92DDD25644A3F005D9B86 /* XY_APP.xcdatamodel */ = {isa = PBXFileReference; lastKnownFileType = wrapper.xcdatamodel; path = XY_APP.xcdatamodel; sourceTree = "<group>"; };
		B9B92DDF25644A41005D9B86 /* Assets.xcassets */ = {isa = PBXFileReference; lastKnownFileType = folder.assetcatalog; path = Assets.xcassets; sourceTree = "<group>"; };
		B9B92DE225644A41005D9B86 /* Base */ = {isa = PBXFileReference; lastKnownFileType = file.storyboard; name = Base; path = Base.lproj/LaunchScreen.storyboard; sourceTree = "<group>"; };
		B9B92DE425644A41005D9B86 /* Info.plist */ = {isa = PBXFileReference; lastKnownFileType = text.plist.xml; path = Info.plist; sourceTree = "<group>"; };
		B9B92DF125644F9B005D9B86 /* SignupViewController.swift */ = {isa = PBXFileReference; fileEncoding = 4; lastKnownFileType = sourcecode.swift; path = SignupViewController.swift; sourceTree = "<group>"; };
		B9BC11DB259BAFED004B7327 /* ProgressBarCircle.swift */ = {isa = PBXFileReference; lastKnownFileType = sourcecode.swift; path = ProgressBarCircle.swift; sourceTree = "<group>"; };
		B9CFA8532599ED9A00DE25D3 /* ProfileTests.swift */ = {isa = PBXFileReference; lastKnownFileType = sourcecode.swift; path = ProfileTests.swift; sourceTree = "<group>"; };
		B9F00B642587B0FD00EB87CB /* FlowTableView.swift */ = {isa = PBXFileReference; lastKnownFileType = sourcecode.swift; path = FlowTableView.swift; sourceTree = "<group>"; };
		B9F00B682587B31B00EB87CB /* ImageCache.swift */ = {isa = PBXFileReference; lastKnownFileType = sourcecode.swift; path = ImageCache.swift; sourceTree = "<group>"; };
		B9F00B7C2588F67700EB87CB /* ProfileView.swift */ = {isa = PBXFileReference; lastKnownFileType = sourcecode.swift; path = ProfileView.swift; sourceTree = "<group>"; };
		B9F00B7F25893FE400EB87CB /* OtherProfileViewController.swift */ = {isa = PBXFileReference; lastKnownFileType = sourcecode.swift; path = OtherProfileViewController.swift; sourceTree = "<group>"; };
/* End PBXFileReference section */

/* Begin PBXFrameworksBuildPhase section */
		B93D1BE82597E9C6009ADBFC /* Frameworks */ = {
			isa = PBXFrameworksBuildPhase;
			buildActionMask = 2147483647;
			files = (
				B8913452A7DE311BBB40F65E /* Pods_XY_APPTests.framework in Frameworks */,
			);
			runOnlyForDeploymentPostprocessing = 0;
		};
		B9B92DCD25644A3F005D9B86 /* Frameworks */ = {
			isa = PBXFrameworksBuildPhase;
			buildActionMask = 2147483647;
			files = (
				D4AF45A21E90EB85C8814087 /* Pods_XY_APP.framework in Frameworks */,
			);
			runOnlyForDeploymentPostprocessing = 0;
		};
/* End PBXFrameworksBuildPhase section */

/* Begin PBXGroup section */
		14175C792570F5D600C88051 /* View */ = {
			isa = PBXGroup;
			children = (
				B9B92DD925644A3F005D9B86 /* Main.storyboard */,
				B926B9DE257D6ADA00BCA049 /* Profile.storyboard */,
				140A034525753BF900E19FDD /* PostView.swift */,
				140A034B257549B900E19FDD /* MomentsCollectionView.swift */,
				14A72D04258F8B900015D9CA /* Conversations */,
			);
			path = View;
			sourceTree = "<group>";
		};
		14175C7C2570F62D00C88051 /* Controller */ = {
			isa = PBXGroup;
			children = (
				149AD69F259B52AF00E81ABC /* Login_Signup */,
				149AD6B7259B7D9000E81ABC /* Explore */,
				14A36077259CB691002829D7 /* NewsFlow */,
				149AD6A2259B52E300E81ABC /* TabBar */,
				B9F00B7F25893FE400EB87CB /* OtherProfileViewController.swift */,
				B9F00B7C2588F67700EB87CB /* ProfileView.swift */,
				B9F00B642587B0FD00EB87CB /* FlowTableView.swift */,
				14C99E2D25A0EE7E00FFE003 /* ProfileVC.swift */,
				14C99E3325A0F31300FFE003 /* ProfileUpperCell.swift */,
				14C99E3425A0F31300FFE003 /* ProfileUpperCell.xib */,
				B926225D25A234A100BA2FB0 /* LaunchVC.swift */,
			);
			path = Controller;
			sourceTree = "<group>";
		};
		1446C63E25A1D5F00045BB65 /* JarvisMenu */ = {
			isa = PBXGroup;
			children = (
				1446C63F25A1D5F00045BB65 /* JarvisMenu.storyboard */,
				1446C64025A1D5F00045BB65 /* MenuViewController.swift */,
			);
			path = JarvisMenu;
			sourceTree = "<group>";
		};
		1498692625796C4D00EF54F5 /* Recovered References */ = {
			isa = PBXGroup;
			children = (
				1402ACDE257909F0007C518E /* ProfileViewController.swift */,
			);
			name = "Recovered References";
			sourceTree = "<group>";
		};
		149AD69F259B52AF00E81ABC /* Login_Signup */ = {
			isa = PBXGroup;
			children = (
				1456020F25724DEE0093FDA7 /* InterestsViewController.swift */,
				B9599A3B25711D810057B7D9 /* LoginViewController.swift */,
				B9B92DF125644F9B005D9B86 /* SignupViewController.swift */,
			);
			path = Login_Signup;
			sourceTree = "<group>";
		};
		149AD6A2259B52E300E81ABC /* TabBar */ = {
			isa = PBXGroup;
			children = (
				1462BB0D257E47C30096FD23 /* XYworldVC.swift */,
				14618A302584D7E70067C3AF /* OwnedProfileViewController.swift */,
				14607A7B25A0DDE5009B3B50 /* UpperProfileModel.swift */,
			);
			path = TabBar;
			sourceTree = "<group>";
		};
		149AD6B7259B7D9000E81ABC /* Explore */ = {
			isa = PBXGroup;
			children = (
				149AD69B259B52A800E81ABC /* ExploreViewController.swift */,
				149AD6D2259B94FE00E81ABC /* ExploreTableViewCell.swift */,
				149AD6D8259B993B00E81ABC /* ExploreCollectionViewCell.swift */,
				149AD6D9259B993B00E81ABC /* ExploreCollectionViewCell.xib */,
				149AD6D3259B94FE00E81ABC /* ExploreTableViewCell.xib */,
				14169C94259B9E57003C047F /* ExploreViewCellModel.swift */,
				14169C98259B9EE5003C047F /* ExploreViewCollectionModel.swift */,
			);
			path = Explore;
			sourceTree = "<group>";
		};
		14A36077259CB691002829D7 /* NewsFlow */ = {
			isa = PBXGroup;
			children = (
				B9599A46257154EB0057B7D9 /* NewsFeedViewController.swift */,
				14A36080259CB88D002829D7 /* MomentsModel.swift */,
				14A3607B259CB6E9002829D7 /* MomentsCollectionViewCell.xib */,
				14A3607A259CB6E9002829D7 /* MomentsCollectionViewCell.swift */,
				14A36072259CB51C002829D7 /* FlowMomentsTableViewCell.xib */,
				14A36071259CB51C002829D7 /* FlowMomentsTableViewCell.swift */,
				14251373259F898A00DC08BB /* CreatePostVC.swift */,
				14607A6D25A0618D009B3B50 /* CreatePostCell.swift */,
				14607A6E25A0618D009B3B50 /* CreatePostCell.xib */,
				14251377259F89F800DC08BB /* NotificationsVC.swift */,
				1425137B259F8C0100DC08BB /* Notification.swift */,
				14251381259F936500DC08BB /* NotificationCell.swift */,
				14251382259F936500DC08BB /* NotificationCell.xib */,
			);
			path = NewsFlow;
			sourceTree = "<group>";
		};
		14A72D04258F8B900015D9CA /* Conversations */ = {
			isa = PBXGroup;
			children = (
				141FF440258270C70030FF67 /* ConversationsVC.swift */,
				148935F025A26AFC00CB60C3 /* ConversationCell.swift */,
				148935F125A26AFC00CB60C3 /* ConversationCell.xib */,
				148935BE25A2686F00CB60C3 /* ConversationPreview.swift */,
				148218C2258FF52700676556 /* ChatVC.swift */,
				14FF8A5E25A3856E002FE645 /* MessageCell.swift */,
				14FF8A5F25A3856E002FE645 /* MessageCell.xib */,
				14BDAF8325A37DD800D19282 /* MessagesChat.swift */,
				14BDAF6625A313CB00D19282 /* UserInfoChat.swift */,
				14BDAF6725A313CB00D19282 /* UserInfoChat.xib */,
				14BDAF6225A30A4800D19282 /* ChatUserInfo.swift */,
			);
			path = Conversations;
			sourceTree = "<group>";
		};
		14A72D0B258F8C910015D9CA /* Conversations */ = {
			isa = PBXGroup;
			children = (
				14CDAE8E257ECC7B0037A99F /* ConversationsCells.swift */,
				14A72D0C258F8CE10015D9CA /* WaitingButtonModel.swift */,
			);
			path = Conversations;
			sourceTree = "<group>";
		};
		14D39B8B258D763700DA4334 /* Moments */ = {
			isa = PBXGroup;
			children = (
				14B22645258D1484006966FC /* MomentsCollection.swift */,
				14B22646258D1484006966FC /* MomentsCollection.xib */,
			);
			path = Moments;
			sourceTree = "<group>";
		};
		49EE4C74828CC3474A4A6FD3 /* Frameworks */ = {
			isa = PBXGroup;
			children = (
				7475997B9B6670EC9737322B /* Pods_XY_APP.framework */,
				0184EA11A236F0143134B645 /* Pods_XY_APPTests.framework */,
			);
			name = Frameworks;
			sourceTree = "<group>";
		};
		699276E0815A8E0FBD8F50E3 /* Pods */ = {
			isa = PBXGroup;
			children = (
				65F8F855007A762983BC2D49 /* Pods-XY_APP.debug.xcconfig */,
				13812B2840F408D53204E346 /* Pods-XY_APP.release.xcconfig */,
				02583F1FB54FB054D2EC25D4 /* Pods-XY_APPTests.debug.xcconfig */,
				6F94382B0FE020F753BC9A88 /* Pods-XY_APPTests.release.xcconfig */,
			);
			path = Pods;
			sourceTree = "<group>";
		};
		B93D1BDC2597DB5D009ADBFC /* CustomizeProfile */ = {
			isa = PBXGroup;
			children = (
				149868682573EF0900D0B981 /* CustomizeProfileViewController.swift */,
				B93D1BDD2597DB7A009ADBFC /* CustomizeProfile.storyboard */,
			);
			path = CustomizeProfile;
			sourceTree = "<group>";
		};
		B93D1BEC2597E9C6009ADBFC /* XY_APPTests */ = {
			isa = PBXGroup;
			children = (
				B93D1BE42597E8CD009ADBFC /* CustomizeProfileTests.swift */,
				B93D1BED2597E9C6009ADBFC /* XY_APPTests.swift */,
				B93D1BEF2597E9C6009ADBFC /* Info.plist */,
				B9CFA8532599ED9A00DE25D3 /* ProfileTests.swift */,
			);
			path = XY_APPTests;
			sourceTree = "<group>";
		};
		B94FA39225710C9D00A44085 /* Model */ = {
			isa = PBXGroup;
			children = (
				B99DEEF62590FA2B00ADF201 /* Feedback.swift */,
				B945385B258E18070000BB8A /* XPLevel.swift */,
				B94FA398257112C700A44085 /* Profile.swift */,
				B94D46F0257253BA00A21355 /* PostModel.swift */,
				1462BB13257E4DC00096FD23 /* Message.swift */,
				140826B725867EC400DC055D /* ImagePostCell.swift */,
				140826B825867EC400DC055D /* ImagePostCell.xib */,
				14A72D0B258F8C910015D9CA /* Conversations */,
				14D39B8B258D763700DA4334 /* Moments */,
				B945385E258E2E190000BB8A /* WritePostViewTableViewCell.swift */,
				B945385F258E2E190000BB8A /* WritePostViewTableViewCell.xib */,
				141318C12590881700B396D9 /* Chat.swift */,
				B9BC11DB259BAFED004B7327 /* ProgressBarCircle.swift */,
				B9530025259F476000DE926A /* CircleView.xib */,
				B953001F259F36CE00DE926A /* CircleView.swift */,
			);
			path = Model;
			sourceTree = "<group>";
		};
		B950D6F5256D25370065E756 /* API */ = {
			isa = PBXGroup;
			children = (
				B99DEE61258E8CE000ADF201 /* PostsAndFlows */,
				B950D6F6256D25460065E756 /* Messages.swift */,
				B950D6FA256D25B10065E756 /* APIRequest.swift */,
				B95B63EF25795A640004E293 /* HttpUtility.swift */,
				B9AB79DD2585FFA400BD2C93 /* Session.swift */,
			);
			path = API;
			sourceTree = "<group>";
		};
		B97AB5A525859202006D2EE4 /* Utilities */ = {
			isa = PBXGroup;
			children = (
				B9F00B682587B31B00EB87CB /* ImageCache.swift */,
				B96B4548258A5E9D003083DB /* API.swift */,
				B96B4551258A8524003083DB /* DateStringFormatter.swift */,
			);
			path = Utilities;
			sourceTree = "<group>";
		};
		B99DEE61258E8CE000ADF201 /* PostsAndFlows */ = {
			isa = PBXGroup;
			children = (
				B99DEE62258E8CF000ADF201 /* PostsAPI.swift */,
				B99DEF022591460700ADF201 /* FeedbackAPI.swift */,
			);
			path = PostsAndFlows;
			sourceTree = "<group>";
		};
		B9B92DC725644A3F005D9B86 = {
			isa = PBXGroup;
			children = (
				B94917D425852BAF00930C2F /* PersistentSession+CoreDataClass.swift */,
				B94917D525852BAF00930C2F /* PersistentSession+CoreDataProperties.swift */,
				B9B92DD225644A3F005D9B86 /* XY_APP */,
				B93D1BEC2597E9C6009ADBFC /* XY_APPTests */,
				B9B92DD125644A3F005D9B86 /* Products */,
				1498692625796C4D00EF54F5 /* Recovered References */,
				699276E0815A8E0FBD8F50E3 /* Pods */,
				49EE4C74828CC3474A4A6FD3 /* Frameworks */,
			);
			sourceTree = "<group>";
		};
		B9B92DD125644A3F005D9B86 /* Products */ = {
			isa = PBXGroup;
			children = (
				B9B92DD025644A3F005D9B86 /* XY_APP.app */,
				B93D1BEB2597E9C6009ADBFC /* XY_APPTests.xctest */,
			);
			name = Products;
			sourceTree = "<group>";
		};
		B9B92DD225644A3F005D9B86 /* XY_APP */ = {
			isa = PBXGroup;
			children = (
				1446C63E25A1D5F00045BB65 /* JarvisMenu */,
				B93D1BDC2597DB5D009ADBFC /* CustomizeProfile */,
				B97AB5A525859202006D2EE4 /* Utilities */,
				B94FA39225710C9D00A44085 /* Model */,
				B950D6F5256D25370065E756 /* API */,
				B9B92DD325644A3F005D9B86 /* AppDelegate.swift */,
				B9B92DD525644A3F005D9B86 /* SceneDelegate.swift */,
				14175C7C2570F62D00C88051 /* Controller */,
				14175C792570F5D600C88051 /* View */,
				B9B92DDF25644A41005D9B86 /* Assets.xcassets */,
				14C96786258E455B00E072EA /* Constants.swift */,
				B9B92DE125644A41005D9B86 /* LaunchScreen.storyboard */,
				B9B92DE425644A41005D9B86 /* Info.plist */,
				1446C65725A1E0FF0045BB65 /* GoogleService-Info.plist */,
				B9B92DDC25644A3F005D9B86 /* XY_APP.xcdatamodeld */,
				B94917C72584D75800930C2F /* Persistentdata.swift */,
			);
			path = XY_APP;
			sourceTree = "<group>";
		};
/* End PBXGroup section */

/* Begin PBXNativeTarget section */
		B93D1BEA2597E9C6009ADBFC /* XY_APPTests */ = {
			isa = PBXNativeTarget;
			buildConfigurationList = B93D1BF22597E9C6009ADBFC /* Build configuration list for PBXNativeTarget "XY_APPTests" */;
			buildPhases = (
				DB6C0EA7FD97AE3DC6BEF0C1 /* [CP] Check Pods Manifest.lock */,
				B93D1BE72597E9C6009ADBFC /* Sources */,
				B93D1BE82597E9C6009ADBFC /* Frameworks */,
				B93D1BE92597E9C6009ADBFC /* Resources */,
			);
			buildRules = (
			);
			dependencies = (
				B93D1BF12597E9C6009ADBFC /* PBXTargetDependency */,
			);
			name = XY_APPTests;
			productName = XY_APPTests;
			productReference = B93D1BEB2597E9C6009ADBFC /* XY_APPTests.xctest */;
			productType = "com.apple.product-type.bundle.unit-test";
		};
		B9B92DCF25644A3F005D9B86 /* XY_APP */ = {
			isa = PBXNativeTarget;
			buildConfigurationList = B9B92DE725644A41005D9B86 /* Build configuration list for PBXNativeTarget "XY_APP" */;
			buildPhases = (
				37DA8634A7389FD81636EF90 /* [CP] Check Pods Manifest.lock */,
				B9B92DCC25644A3F005D9B86 /* Sources */,
				B9B92DCD25644A3F005D9B86 /* Frameworks */,
				B9B92DCE25644A3F005D9B86 /* Resources */,
				64F8F2547CC1E25EC183918D /* [CP] Embed Pods Frameworks */,
			);
			buildRules = (
			);
			dependencies = (
			);
			name = XY_APP;
			productName = XY_APP;
			productReference = B9B92DD025644A3F005D9B86 /* XY_APP.app */;
			productType = "com.apple.product-type.application";
		};
/* End PBXNativeTarget section */

/* Begin PBXProject section */
		B9B92DC825644A3F005D9B86 /* Project object */ = {
			isa = PBXProject;
			attributes = {
				KnownAssetTags = (
					0,
					1,
				);
				LastSwiftUpdateCheck = 1220;
				LastUpgradeCheck = 1220;
				TargetAttributes = {
					B93D1BEA2597E9C6009ADBFC = {
						CreatedOnToolsVersion = 12.2;
						TestTargetID = B9B92DCF25644A3F005D9B86;
					};
					B9B92DCF25644A3F005D9B86 = {
						CreatedOnToolsVersion = 12.2;
					};
				};
			};
			buildConfigurationList = B9B92DCB25644A3F005D9B86 /* Build configuration list for PBXProject "XY_APP" */;
			compatibilityVersion = "Xcode 9.3";
			developmentRegion = en;
			hasScannedForEncodings = 0;
			knownRegions = (
				en,
				Base,
			);
			mainGroup = B9B92DC725644A3F005D9B86;
			productRefGroup = B9B92DD125644A3F005D9B86 /* Products */;
			projectDirPath = "";
			projectRoot = "";
			targets = (
				B9B92DCF25644A3F005D9B86 /* XY_APP */,
				B93D1BEA2597E9C6009ADBFC /* XY_APPTests */,
			);
		};
/* End PBXProject section */

/* Begin PBXResourcesBuildPhase section */
		B93D1BE92597E9C6009ADBFC /* Resources */ = {
			isa = PBXResourcesBuildPhase;
			buildActionMask = 2147483647;
			files = (
			);
			runOnlyForDeploymentPostprocessing = 0;
		};
		B9B92DCE25644A3F005D9B86 /* Resources */ = {
			isa = PBXResourcesBuildPhase;
			buildActionMask = 2147483647;
			files = (
				14607A7025A0618D009B3B50 /* CreatePostCell.xib in Resources */,
				B9B92DE325644A41005D9B86 /* LaunchScreen.storyboard in Resources */,
				B93D1BDE2597DB7A009ADBFC /* CustomizeProfile.storyboard in Resources */,
				B9B92DE025644A41005D9B86 /* Assets.xcassets in Resources */,
				14251384259F936500DC08BB /* NotificationCell.xib in Resources */,
				14C99E3625A0F31300FFE003 /* ProfileUpperCell.xib in Resources */,
				140826BA25867EC400DC055D /* ImagePostCell.xib in Resources */,
				149AD6DB259B993B00E81ABC /* ExploreCollectionViewCell.xib in Resources */,
				14BDAF6925A313CB00D19282 /* UserInfoChat.xib in Resources */,
				B926B9DF257D6ADA00BCA049 /* Profile.storyboard in Resources */,
				B9B92DDB25644A3F005D9B86 /* Main.storyboard in Resources */,
				149AD6D5259B94FE00E81ABC /* ExploreTableViewCell.xib in Resources */,
				1446C64125A1D5F00045BB65 /* JarvisMenu.storyboard in Resources */,
				148935F325A26AFC00CB60C3 /* ConversationCell.xib in Resources */,
				14A36074259CB51C002829D7 /* FlowMomentsTableViewCell.xib in Resources */,
				B9453861258E2E190000BB8A /* WritePostViewTableViewCell.xib in Resources */,
				B9530026259F476000DE926A /* CircleView.xib in Resources */,
				14A3607D259CB6E9002829D7 /* MomentsCollectionViewCell.xib in Resources */,
				1446C65825A1E0FF0045BB65 /* GoogleService-Info.plist in Resources */,
				14FF8A6125A3856E002FE645 /* MessageCell.xib in Resources */,
				14B22648258D1484006966FC /* MomentsCollection.xib in Resources */,
			);
			runOnlyForDeploymentPostprocessing = 0;
		};
/* End PBXResourcesBuildPhase section */

/* Begin PBXShellScriptBuildPhase section */
		37DA8634A7389FD81636EF90 /* [CP] Check Pods Manifest.lock */ = {
			isa = PBXShellScriptBuildPhase;
			buildActionMask = 2147483647;
			files = (
			);
			inputFileListPaths = (
			);
			inputPaths = (
				"${PODS_PODFILE_DIR_PATH}/Podfile.lock",
				"${PODS_ROOT}/Manifest.lock",
			);
			name = "[CP] Check Pods Manifest.lock";
			outputFileListPaths = (
			);
			outputPaths = (
				"$(DERIVED_FILE_DIR)/Pods-XY_APP-checkManifestLockResult.txt",
			);
			runOnlyForDeploymentPostprocessing = 0;
			shellPath = /bin/sh;
			shellScript = "diff \"${PODS_PODFILE_DIR_PATH}/Podfile.lock\" \"${PODS_ROOT}/Manifest.lock\" > /dev/null\nif [ $? != 0 ] ; then\n    # print error to STDERR\n    echo \"error: The sandbox is not in sync with the Podfile.lock. Run 'pod install' or update your CocoaPods installation.\" >&2\n    exit 1\nfi\n# This output is used by Xcode 'outputs' to avoid re-running this script phase.\necho \"SUCCESS\" > \"${SCRIPT_OUTPUT_FILE_0}\"\n";
			showEnvVarsInLog = 0;
		};
		64F8F2547CC1E25EC183918D /* [CP] Embed Pods Frameworks */ = {
			isa = PBXShellScriptBuildPhase;
			buildActionMask = 2147483647;
			files = (
			);
			inputFileListPaths = (
				"${PODS_ROOT}/Target Support Files/Pods-XY_APP/Pods-XY_APP-frameworks-${CONFIGURATION}-input-files.xcfilelist",
			);
			name = "[CP] Embed Pods Frameworks";
			outputFileListPaths = (
				"${PODS_ROOT}/Target Support Files/Pods-XY_APP/Pods-XY_APP-frameworks-${CONFIGURATION}-output-files.xcfilelist",
			);
			runOnlyForDeploymentPostprocessing = 0;
			shellPath = /bin/sh;
			shellScript = "\"${PODS_ROOT}/Target Support Files/Pods-XY_APP/Pods-XY_APP-frameworks.sh\"\n";
			showEnvVarsInLog = 0;
		};
		DB6C0EA7FD97AE3DC6BEF0C1 /* [CP] Check Pods Manifest.lock */ = {
			isa = PBXShellScriptBuildPhase;
			buildActionMask = 2147483647;
			files = (
			);
			inputFileListPaths = (
			);
			inputPaths = (
				"${PODS_PODFILE_DIR_PATH}/Podfile.lock",
				"${PODS_ROOT}/Manifest.lock",
			);
			name = "[CP] Check Pods Manifest.lock";
			outputFileListPaths = (
			);
			outputPaths = (
				"$(DERIVED_FILE_DIR)/Pods-XY_APPTests-checkManifestLockResult.txt",
			);
			runOnlyForDeploymentPostprocessing = 0;
			shellPath = /bin/sh;
			shellScript = "diff \"${PODS_PODFILE_DIR_PATH}/Podfile.lock\" \"${PODS_ROOT}/Manifest.lock\" > /dev/null\nif [ $? != 0 ] ; then\n    # print error to STDERR\n    echo \"error: The sandbox is not in sync with the Podfile.lock. Run 'pod install' or update your CocoaPods installation.\" >&2\n    exit 1\nfi\n# This output is used by Xcode 'outputs' to avoid re-running this script phase.\necho \"SUCCESS\" > \"${SCRIPT_OUTPUT_FILE_0}\"\n";
			showEnvVarsInLog = 0;
		};
/* End PBXShellScriptBuildPhase section */

/* Begin PBXSourcesBuildPhase section */
		B93D1BE72597E9C6009ADBFC /* Sources */ = {
			isa = PBXSourcesBuildPhase;
			buildActionMask = 2147483647;
			files = (
				B9CFA8542599ED9A00DE25D3 /* ProfileTests.swift in Sources */,
				B93D1BF92597E9F9009ADBFC /* CustomizeProfileTests.swift in Sources */,
				B93D1BEE2597E9C6009ADBFC /* XY_APPTests.swift in Sources */,
			);
			runOnlyForDeploymentPostprocessing = 0;
		};
		B9B92DCC25644A3F005D9B86 /* Sources */ = {
			isa = PBXSourcesBuildPhase;
			buildActionMask = 2147483647;
			files = (
				B9AB79DE2585FFA400BD2C93 /* Session.swift in Sources */,
				B950D6F7256D25460065E756 /* Messages.swift in Sources */,
				14BDAF6825A313CB00D19282 /* UserInfoChat.swift in Sources */,
				14A72D0D258F8CE10015D9CA /* WaitingButtonModel.swift in Sources */,
				14169C99259B9EE5003C047F /* ExploreViewCollectionModel.swift in Sources */,
				1462BB0E257E47C30096FD23 /* XYworldVC.swift in Sources */,
				14CDAE90257ECC7B0037A99F /* ConversationsCells.swift in Sources */,
				B9F00B692587B31B00EB87CB /* ImageCache.swift in Sources */,
				14607A7C25A0DDE5009B3B50 /* UpperProfileModel.swift in Sources */,
				B96B4549258A5E9D003083DB /* API.swift in Sources */,
				B9B92DDE25644A3F005D9B86 /* XY_APP.xcdatamodeld in Sources */,
				149868692573EF0900D0B981 /* CustomizeProfileViewController.swift in Sources */,
				141318C22590881700B396D9 /* Chat.swift in Sources */,
				B9B92DD425644A3F005D9B86 /* AppDelegate.swift in Sources */,
				14A3607C259CB6E9002829D7 /* MomentsCollectionViewCell.swift in Sources */,
				B9B92DF225644F9B005D9B86 /* SignupViewController.swift in Sources */,
				14B22647258D1484006966FC /* MomentsCollection.swift in Sources */,
				14C99E2E25A0EE7E00FFE003 /* ProfileVC.swift in Sources */,
				B9530020259F36CE00DE926A /* CircleView.swift in Sources */,
				B950D6FB256D25B10065E756 /* APIRequest.swift in Sources */,
				148218C3258FF52700676556 /* ChatVC.swift in Sources */,
				1456021025724DEE0093FDA7 /* InterestsViewController.swift in Sources */,
				148935BF25A2686F00CB60C3 /* ConversationPreview.swift in Sources */,
				14A36081259CB88D002829D7 /* MomentsModel.swift in Sources */,
				149AD6DA259B993B00E81ABC /* ExploreCollectionViewCell.swift in Sources */,
				14BDAF6325A30A4800D19282 /* ChatUserInfo.swift in Sources */,
				149AD69C259B52A800E81ABC /* ExploreViewController.swift in Sources */,
				1462BB14257E4DC00096FD23 /* Message.swift in Sources */,
				140826B925867EC400DC055D /* ImagePostCell.swift in Sources */,
				14251374259F898A00DC08BB /* CreatePostVC.swift in Sources */,
				B94D46F1257253BA00A21355 /* PostModel.swift in Sources */,
				14251378259F89F800DC08BB /* NotificationsVC.swift in Sources */,
				140A034625753BF900E19FDD /* PostView.swift in Sources */,
				B9BC11DC259BAFED004B7327 /* ProgressBarCircle.swift in Sources */,
				14607A6F25A0618D009B3B50 /* CreatePostCell.swift in Sources */,
				B94FA399257112C700A44085 /* Profile.swift in Sources */,
				141FF441258270C70030FF67 /* ConversationsVC.swift in Sources */,
				B99DEEF72590FA2B00ADF201 /* Feedback.swift in Sources */,
				B9599A3C25711D810057B7D9 /* LoginViewController.swift in Sources */,
				B9453860258E2E190000BB8A /* WritePostViewTableViewCell.swift in Sources */,
				B94917D725852BAF00930C2F /* PersistentSession+CoreDataProperties.swift in Sources */,
				14FF8A6025A3856E002FE645 /* MessageCell.swift in Sources */,
				B94917C82584D75800930C2F /* Persistentdata.swift in Sources */,
				B96B4552258A8524003083DB /* DateStringFormatter.swift in Sources */,
				B99DEF032591460700ADF201 /* FeedbackAPI.swift in Sources */,
				14C99E3525A0F31300FFE003 /* ProfileUpperCell.swift in Sources */,
				1446C64225A1D5F00045BB65 /* MenuViewController.swift in Sources */,
				14169C95259B9E57003C047F /* ExploreViewCellModel.swift in Sources */,
				B9599A47257154EB0057B7D9 /* NewsFeedViewController.swift in Sources */,
				14A36073259CB51C002829D7 /* FlowMomentsTableViewCell.swift in Sources */,
				14C96787258E455B00E072EA /* Constants.swift in Sources */,
				B94917D625852BAF00930C2F /* PersistentSession+CoreDataClass.swift in Sources */,
				B9F00B8025893FE400EB87CB /* OtherProfileViewController.swift in Sources */,
				B926225E25A234A100BA2FB0 /* LaunchVC.swift in Sources */,
				149AD6D4259B94FE00E81ABC /* ExploreTableViewCell.swift in Sources */,
				B9B92DD625644A3F005D9B86 /* SceneDelegate.swift in Sources */,
				B9F00B7D2588F67700EB87CB /* ProfileView.swift in Sources */,
				B99DEE63258E8CF000ADF201 /* PostsAPI.swift in Sources */,
				14618A312584D7E70067C3AF /* OwnedProfileViewController.swift in Sources */,
				B9F00B652587B0FD00EB87CB /* FlowTableView.swift in Sources */,
				B945385C258E18070000BB8A /* XPLevel.swift in Sources */,
				1425137C259F8C0100DC08BB /* Notification.swift in Sources */,
				14BDAF8425A37DD800D19282 /* MessagesChat.swift in Sources */,
				B95B63F025795A640004E293 /* HttpUtility.swift in Sources */,
				140A034C257549B900E19FDD /* MomentsCollectionView.swift in Sources */,
				14251383259F936500DC08BB /* NotificationCell.swift in Sources */,
				148935F225A26AFC00CB60C3 /* ConversationCell.swift in Sources */,
			);
			runOnlyForDeploymentPostprocessing = 0;
		};
/* End PBXSourcesBuildPhase section */

/* Begin PBXTargetDependency section */
		B93D1BF12597E9C6009ADBFC /* PBXTargetDependency */ = {
			isa = PBXTargetDependency;
			target = B9B92DCF25644A3F005D9B86 /* XY_APP */;
			targetProxy = B93D1BF02597E9C6009ADBFC /* PBXContainerItemProxy */;
		};
/* End PBXTargetDependency section */

/* Begin PBXVariantGroup section */
		B9B92DD925644A3F005D9B86 /* Main.storyboard */ = {
			isa = PBXVariantGroup;
			children = (
				B9B92DDA25644A3F005D9B86 /* Base */,
			);
			name = Main.storyboard;
			sourceTree = "<group>";
		};
		B9B92DE125644A41005D9B86 /* LaunchScreen.storyboard */ = {
			isa = PBXVariantGroup;
			children = (
				B9B92DE225644A41005D9B86 /* Base */,
			);
			name = LaunchScreen.storyboard;
			sourceTree = "<group>";
		};
/* End PBXVariantGroup section */

/* Begin XCBuildConfiguration section */
		B93D1BF32597E9C6009ADBFC /* Debug */ = {
			isa = XCBuildConfiguration;
			baseConfigurationReference = 02583F1FB54FB054D2EC25D4 /* Pods-XY_APPTests.debug.xcconfig */;
			buildSettings = {
				BUNDLE_LOADER = "$(TEST_HOST)";
				CODE_SIGN_STYLE = Automatic;
				DEVELOPMENT_TEAM = Z9R45SX78W;
				INFOPLIST_FILE = XY_APPTests/Info.plist;
				IPHONEOS_DEPLOYMENT_TARGET = 14.2;
				LD_RUNPATH_SEARCH_PATHS = (
					"$(inherited)",
					"@executable_path/Frameworks",
					"@loader_path/Frameworks",
				);
				PRODUCT_BUNDLE_IDENTIFIER = "com.XYAPP.XY-APPTests";
				PRODUCT_NAME = "$(TARGET_NAME)";
				SWIFT_VERSION = 5.0;
				TARGETED_DEVICE_FAMILY = "1,2";
				TEST_HOST = "$(BUILT_PRODUCTS_DIR)/XY_APP.app/XY_APP";
			};
			name = Debug;
		};
		B93D1BF42597E9C6009ADBFC /* Release */ = {
			isa = XCBuildConfiguration;
			baseConfigurationReference = 6F94382B0FE020F753BC9A88 /* Pods-XY_APPTests.release.xcconfig */;
			buildSettings = {
				BUNDLE_LOADER = "$(TEST_HOST)";
				CODE_SIGN_STYLE = Automatic;
				DEVELOPMENT_TEAM = Z9R45SX78W;
				INFOPLIST_FILE = XY_APPTests/Info.plist;
				IPHONEOS_DEPLOYMENT_TARGET = 14.2;
				LD_RUNPATH_SEARCH_PATHS = (
					"$(inherited)",
					"@executable_path/Frameworks",
					"@loader_path/Frameworks",
				);
				PRODUCT_BUNDLE_IDENTIFIER = "com.XYAPP.XY-APPTests";
				PRODUCT_NAME = "$(TARGET_NAME)";
				SWIFT_VERSION = 5.0;
				TARGETED_DEVICE_FAMILY = "1,2";
				TEST_HOST = "$(BUILT_PRODUCTS_DIR)/XY_APP.app/XY_APP";
			};
			name = Release;
		};
		B9B92DE525644A41005D9B86 /* Debug */ = {
			isa = XCBuildConfiguration;
			buildSettings = {
				ALWAYS_SEARCH_USER_PATHS = NO;
				CLANG_ANALYZER_NONNULL = YES;
				CLANG_ANALYZER_NUMBER_OBJECT_CONVERSION = YES_AGGRESSIVE;
				CLANG_CXX_LANGUAGE_STANDARD = "gnu++14";
				CLANG_CXX_LIBRARY = "libc++";
				CLANG_ENABLE_MODULES = YES;
				CLANG_ENABLE_OBJC_ARC = YES;
				CLANG_ENABLE_OBJC_WEAK = YES;
				CLANG_WARN_BLOCK_CAPTURE_AUTORELEASING = YES;
				CLANG_WARN_BOOL_CONVERSION = YES;
				CLANG_WARN_COMMA = YES;
				CLANG_WARN_CONSTANT_CONVERSION = YES;
				CLANG_WARN_DEPRECATED_OBJC_IMPLEMENTATIONS = YES;
				CLANG_WARN_DIRECT_OBJC_ISA_USAGE = YES_ERROR;
				CLANG_WARN_DOCUMENTATION_COMMENTS = YES;
				CLANG_WARN_EMPTY_BODY = YES;
				CLANG_WARN_ENUM_CONVERSION = YES;
				CLANG_WARN_INFINITE_RECURSION = YES;
				CLANG_WARN_INT_CONVERSION = YES;
				CLANG_WARN_NON_LITERAL_NULL_CONVERSION = YES;
				CLANG_WARN_OBJC_IMPLICIT_RETAIN_SELF = YES;
				CLANG_WARN_OBJC_LITERAL_CONVERSION = YES;
				CLANG_WARN_OBJC_ROOT_CLASS = YES_ERROR;
				CLANG_WARN_QUOTED_INCLUDE_IN_FRAMEWORK_HEADER = YES;
				CLANG_WARN_RANGE_LOOP_ANALYSIS = YES;
				CLANG_WARN_STRICT_PROTOTYPES = YES;
				CLANG_WARN_SUSPICIOUS_MOVE = YES;
				CLANG_WARN_UNGUARDED_AVAILABILITY = YES_AGGRESSIVE;
				CLANG_WARN_UNREACHABLE_CODE = YES;
				CLANG_WARN__DUPLICATE_METHOD_MATCH = YES;
				COPY_PHASE_STRIP = NO;
				DEBUG_INFORMATION_FORMAT = dwarf;
				ENABLE_STRICT_OBJC_MSGSEND = YES;
				ENABLE_TESTABILITY = YES;
				GCC_C_LANGUAGE_STANDARD = gnu11;
				GCC_DYNAMIC_NO_PIC = NO;
				GCC_NO_COMMON_BLOCKS = YES;
				GCC_OPTIMIZATION_LEVEL = 0;
				GCC_PREPROCESSOR_DEFINITIONS = (
					"DEBUG=1",
					"$(inherited)",
				);
				GCC_WARN_64_TO_32_BIT_CONVERSION = YES;
				GCC_WARN_ABOUT_RETURN_TYPE = YES_ERROR;
				GCC_WARN_UNDECLARED_SELECTOR = YES;
				GCC_WARN_UNINITIALIZED_AUTOS = YES_AGGRESSIVE;
				GCC_WARN_UNUSED_FUNCTION = YES;
				GCC_WARN_UNUSED_VARIABLE = YES;
				IPHONEOS_DEPLOYMENT_TARGET = 12.4;
				MTL_ENABLE_DEBUG_INFO = INCLUDE_SOURCE;
				MTL_FAST_MATH = YES;
				ONLY_ACTIVE_ARCH = YES;
				SDKROOT = iphoneos;
				SWIFT_ACTIVE_COMPILATION_CONDITIONS = DEBUG;
				SWIFT_OPTIMIZATION_LEVEL = "-Onone";
			};
			name = Debug;
		};
		B9B92DE625644A41005D9B86 /* Release */ = {
			isa = XCBuildConfiguration;
			buildSettings = {
				ALWAYS_SEARCH_USER_PATHS = NO;
				CLANG_ANALYZER_NONNULL = YES;
				CLANG_ANALYZER_NUMBER_OBJECT_CONVERSION = YES_AGGRESSIVE;
				CLANG_CXX_LANGUAGE_STANDARD = "gnu++14";
				CLANG_CXX_LIBRARY = "libc++";
				CLANG_ENABLE_MODULES = YES;
				CLANG_ENABLE_OBJC_ARC = YES;
				CLANG_ENABLE_OBJC_WEAK = YES;
				CLANG_WARN_BLOCK_CAPTURE_AUTORELEASING = YES;
				CLANG_WARN_BOOL_CONVERSION = YES;
				CLANG_WARN_COMMA = YES;
				CLANG_WARN_CONSTANT_CONVERSION = YES;
				CLANG_WARN_DEPRECATED_OBJC_IMPLEMENTATIONS = YES;
				CLANG_WARN_DIRECT_OBJC_ISA_USAGE = YES_ERROR;
				CLANG_WARN_DOCUMENTATION_COMMENTS = YES;
				CLANG_WARN_EMPTY_BODY = YES;
				CLANG_WARN_ENUM_CONVERSION = YES;
				CLANG_WARN_INFINITE_RECURSION = YES;
				CLANG_WARN_INT_CONVERSION = YES;
				CLANG_WARN_NON_LITERAL_NULL_CONVERSION = YES;
				CLANG_WARN_OBJC_IMPLICIT_RETAIN_SELF = YES;
				CLANG_WARN_OBJC_LITERAL_CONVERSION = YES;
				CLANG_WARN_OBJC_ROOT_CLASS = YES_ERROR;
				CLANG_WARN_QUOTED_INCLUDE_IN_FRAMEWORK_HEADER = YES;
				CLANG_WARN_RANGE_LOOP_ANALYSIS = YES;
				CLANG_WARN_STRICT_PROTOTYPES = YES;
				CLANG_WARN_SUSPICIOUS_MOVE = YES;
				CLANG_WARN_UNGUARDED_AVAILABILITY = YES_AGGRESSIVE;
				CLANG_WARN_UNREACHABLE_CODE = YES;
				CLANG_WARN__DUPLICATE_METHOD_MATCH = YES;
				COPY_PHASE_STRIP = NO;
				DEBUG_INFORMATION_FORMAT = "dwarf-with-dsym";
				ENABLE_NS_ASSERTIONS = NO;
				ENABLE_STRICT_OBJC_MSGSEND = YES;
				GCC_C_LANGUAGE_STANDARD = gnu11;
				GCC_NO_COMMON_BLOCKS = YES;
				GCC_WARN_64_TO_32_BIT_CONVERSION = YES;
				GCC_WARN_ABOUT_RETURN_TYPE = YES_ERROR;
				GCC_WARN_UNDECLARED_SELECTOR = YES;
				GCC_WARN_UNINITIALIZED_AUTOS = YES_AGGRESSIVE;
				GCC_WARN_UNUSED_FUNCTION = YES;
				GCC_WARN_UNUSED_VARIABLE = YES;
				IPHONEOS_DEPLOYMENT_TARGET = 12.4;
				MTL_ENABLE_DEBUG_INFO = NO;
				MTL_FAST_MATH = YES;
				SDKROOT = iphoneos;
				SWIFT_COMPILATION_MODE = wholemodule;
				SWIFT_OPTIMIZATION_LEVEL = "-O";
				VALIDATE_PRODUCT = YES;
			};
			name = Release;
		};
		B9B92DE825644A41005D9B86 /* Debug */ = {
			isa = XCBuildConfiguration;
			baseConfigurationReference = 65F8F855007A762983BC2D49 /* Pods-XY_APP.debug.xcconfig */;
			buildSettings = {
				ASSETCATALOG_COMPILER_APPICON_NAME = AppIcon;
				ASSETCATALOG_COMPILER_GLOBAL_ACCENT_COLOR_NAME = AccentColor;
				CODE_SIGN_IDENTITY = "Apple Development";
				CODE_SIGN_STYLE = Automatic;
				DEVELOPMENT_TEAM = Z9R45SX78W;
				INFOPLIST_FILE = XY_APP/Info.plist;
				IPHONEOS_DEPLOYMENT_TARGET = 12.4;
				LD_RUNPATH_SEARCH_PATHS = (
					"$(inherited)",
					"@executable_path/Frameworks",
				);
				PRODUCT_BUNDLE_IDENTIFIER = "com.XY-XY-APP";
				PRODUCT_NAME = "$(TARGET_NAME)";
				PROVISIONING_PROFILE_SPECIFIER = "";
				SWIFT_VERSION = 5.0;
				TARGETED_DEVICE_FAMILY = 1;
			};
			name = Debug;
		};
		B9B92DE925644A41005D9B86 /* Release */ = {
			isa = XCBuildConfiguration;
			baseConfigurationReference = 13812B2840F408D53204E346 /* Pods-XY_APP.release.xcconfig */;
			buildSettings = {
				ASSETCATALOG_COMPILER_APPICON_NAME = AppIcon;
				ASSETCATALOG_COMPILER_GLOBAL_ACCENT_COLOR_NAME = AccentColor;
				CODE_SIGN_IDENTITY = "Apple Development";
				CODE_SIGN_STYLE = Automatic;
				DEVELOPMENT_TEAM = Z9R45SX78W;
				INFOPLIST_FILE = XY_APP/Info.plist;
				IPHONEOS_DEPLOYMENT_TARGET = 12.4;
				LD_RUNPATH_SEARCH_PATHS = (
					"$(inherited)",
					"@executable_path/Frameworks",
				);
				PRODUCT_BUNDLE_IDENTIFIER = "com.XY-XY-APP";
				PRODUCT_NAME = "$(TARGET_NAME)";
				PROVISIONING_PROFILE_SPECIFIER = "";
				SWIFT_VERSION = 5.0;
				TARGETED_DEVICE_FAMILY = 1;
			};
			name = Release;
		};
/* End XCBuildConfiguration section */

/* Begin XCConfigurationList section */
		B93D1BF22597E9C6009ADBFC /* Build configuration list for PBXNativeTarget "XY_APPTests" */ = {
			isa = XCConfigurationList;
			buildConfigurations = (
				B93D1BF32597E9C6009ADBFC /* Debug */,
				B93D1BF42597E9C6009ADBFC /* Release */,
			);
			defaultConfigurationIsVisible = 0;
			defaultConfigurationName = Release;
		};
		B9B92DCB25644A3F005D9B86 /* Build configuration list for PBXProject "XY_APP" */ = {
			isa = XCConfigurationList;
			buildConfigurations = (
				B9B92DE525644A41005D9B86 /* Debug */,
				B9B92DE625644A41005D9B86 /* Release */,
			);
			defaultConfigurationIsVisible = 0;
			defaultConfigurationName = Release;
		};
		B9B92DE725644A41005D9B86 /* Build configuration list for PBXNativeTarget "XY_APP" */ = {
			isa = XCConfigurationList;
			buildConfigurations = (
				B9B92DE825644A41005D9B86 /* Debug */,
				B9B92DE925644A41005D9B86 /* Release */,
			);
			defaultConfigurationIsVisible = 0;
			defaultConfigurationName = Release;
		};
/* End XCConfigurationList section */

/* Begin XCVersionGroup section */
		B9B92DDC25644A3F005D9B86 /* XY_APP.xcdatamodeld */ = {
			isa = XCVersionGroup;
			children = (
				B9B92DDD25644A3F005D9B86 /* XY_APP.xcdatamodel */,
			);
			currentVersion = B9B92DDD25644A3F005D9B86 /* XY_APP.xcdatamodel */;
			path = XY_APP.xcdatamodeld;
			sourceTree = "<group>";
			versionGroupType = wrapper.xcdatamodel;
		};
/* End XCVersionGroup section */
	};
	rootObject = B9B92DC825644A3F005D9B86 /* Project object */;
}
