// !$*UTF8*$!
{
	archiveVersion = 1;
	classes = {
	};
	objectVersion = 50;
	objects = {

/* Begin PBXBuildFile section */
		1456021025724DEE0093FDA7 /* InterestsViewController.swift in Sources */ = {isa = PBXBuildFile; fileRef = 1456020F25724DEE0093FDA7 /* InterestsViewController.swift */; };
		149868692573EF0900D0B981 /* CustomizeProfileViewController.swift in Sources */ = {isa = PBXBuildFile; fileRef = 149868682573EF0900D0B981 /* CustomizeProfileViewController.swift */; };
		B94D46F1257253BA00A21355 /* Post.swift in Sources */ = {isa = PBXBuildFile; fileRef = B94D46F0257253BA00A21355 /* Post.swift */; };
		B94FA399257112C700A44085 /* Profile.swift in Sources */ = {isa = PBXBuildFile; fileRef = B94FA398257112C700A44085 /* Profile.swift */; };
		B950D6F7256D25460065E756 /* Messages.swift in Sources */ = {isa = PBXBuildFile; fileRef = B950D6F6256D25460065E756 /* Messages.swift */; };
		B950D6FB256D25B10065E756 /* APIRequest.swift in Sources */ = {isa = PBXBuildFile; fileRef = B950D6FA256D25B10065E756 /* APIRequest.swift */; };
		B950D6FF256DAC130065E756 /* LoginRequest.swift in Sources */ = {isa = PBXBuildFile; fileRef = B950D6FE256DAC130065E756 /* LoginRequest.swift */; };
		B9599A3C25711D810057B7D9 /* LoginViewController.swift in Sources */ = {isa = PBXBuildFile; fileRef = B9599A3B25711D810057B7D9 /* LoginViewController.swift */; };
		B9599A3F257134E80057B7D9 /* Login.swift in Sources */ = {isa = PBXBuildFile; fileRef = B9599A3E257134E80057B7D9 /* Login.swift */; };
		B9599A4225713A820057B7D9 /* Signup.swift in Sources */ = {isa = PBXBuildFile; fileRef = B9599A4125713A820057B7D9 /* Signup.swift */; };
		B9599A47257154EB0057B7D9 /* NewsFeedViewController.swift in Sources */ = {isa = PBXBuildFile; fileRef = B9599A46257154EB0057B7D9 /* NewsFeedViewController.swift */; };
		B9B92DD425644A3F005D9B86 /* AppDelegate.swift in Sources */ = {isa = PBXBuildFile; fileRef = B9B92DD325644A3F005D9B86 /* AppDelegate.swift */; };
		B9B92DD625644A3F005D9B86 /* SceneDelegate.swift in Sources */ = {isa = PBXBuildFile; fileRef = B9B92DD525644A3F005D9B86 /* SceneDelegate.swift */; };
		B9B92DDB25644A3F005D9B86 /* Main.storyboard in Resources */ = {isa = PBXBuildFile; fileRef = B9B92DD925644A3F005D9B86 /* Main.storyboard */; };
		B9B92DDE25644A3F005D9B86 /* XY_APP.xcdatamodeld in Sources */ = {isa = PBXBuildFile; fileRef = B9B92DDC25644A3F005D9B86 /* XY_APP.xcdatamodeld */; };
		B9B92DE025644A41005D9B86 /* Assets.xcassets in Resources */ = {isa = PBXBuildFile; fileRef = B9B92DDF25644A41005D9B86 /* Assets.xcassets */; };
		B9B92DE325644A41005D9B86 /* LaunchScreen.storyboard in Resources */ = {isa = PBXBuildFile; fileRef = B9B92DE125644A41005D9B86 /* LaunchScreen.storyboard */; };
		B9B92DF225644F9B005D9B86 /* SignupViewController.swift in Sources */ = {isa = PBXBuildFile; fileRef = B9B92DF125644F9B005D9B86 /* SignupViewController.swift */; };
		B9E54624256ED3BE00988B90 /* SignupRequest.swift in Sources */ = {isa = PBXBuildFile; fileRef = B9E54623256ED3BE00988B90 /* SignupRequest.swift */; };
/* End PBXBuildFile section */

/* Begin PBXFileReference section */
		1456020F25724DEE0093FDA7 /* InterestsViewController.swift */ = {isa = PBXFileReference; lastKnownFileType = sourcecode.swift; path = InterestsViewController.swift; sourceTree = "<group>"; };
		149868682573EF0900D0B981 /* CustomizeProfileViewController.swift */ = {isa = PBXFileReference; lastKnownFileType = sourcecode.swift; path = CustomizeProfileViewController.swift; sourceTree = "<group>"; };
		B94D46F0257253BA00A21355 /* Post.swift */ = {isa = PBXFileReference; lastKnownFileType = sourcecode.swift; path = Post.swift; sourceTree = "<group>"; };
		B94FA398257112C700A44085 /* Profile.swift */ = {isa = PBXFileReference; lastKnownFileType = sourcecode.swift; path = Profile.swift; sourceTree = "<group>"; };
		B950D6F6256D25460065E756 /* Messages.swift */ = {isa = PBXFileReference; lastKnownFileType = sourcecode.swift; path = Messages.swift; sourceTree = "<group>"; };
		B950D6FA256D25B10065E756 /* APIRequest.swift */ = {isa = PBXFileReference; lastKnownFileType = sourcecode.swift; path = APIRequest.swift; sourceTree = "<group>"; };
		B950D6FE256DAC130065E756 /* LoginRequest.swift */ = {isa = PBXFileReference; lastKnownFileType = sourcecode.swift; path = LoginRequest.swift; sourceTree = "<group>"; };
		B9599A3B25711D810057B7D9 /* LoginViewController.swift */ = {isa = PBXFileReference; lastKnownFileType = sourcecode.swift; path = LoginViewController.swift; sourceTree = "<group>"; };
		B9599A3E257134E80057B7D9 /* Login.swift */ = {isa = PBXFileReference; lastKnownFileType = sourcecode.swift; path = Login.swift; sourceTree = "<group>"; };
		B9599A4125713A820057B7D9 /* Signup.swift */ = {isa = PBXFileReference; lastKnownFileType = sourcecode.swift; path = Signup.swift; sourceTree = "<group>"; };
		B9599A46257154EB0057B7D9 /* NewsFeedViewController.swift */ = {isa = PBXFileReference; lastKnownFileType = sourcecode.swift; path = NewsFeedViewController.swift; sourceTree = "<group>"; };
		B9B92DD025644A3F005D9B86 /* XY_APP.app */ = {isa = PBXFileReference; explicitFileType = wrapper.application; includeInIndex = 0; path = XY_APP.app; sourceTree = BUILT_PRODUCTS_DIR; };
		B9B92DD325644A3F005D9B86 /* AppDelegate.swift */ = {isa = PBXFileReference; lastKnownFileType = sourcecode.swift; path = AppDelegate.swift; sourceTree = "<group>"; };
		B9B92DD525644A3F005D9B86 /* SceneDelegate.swift */ = {isa = PBXFileReference; lastKnownFileType = sourcecode.swift; path = SceneDelegate.swift; sourceTree = "<group>"; };
		B9B92DDA25644A3F005D9B86 /* Base */ = {isa = PBXFileReference; lastKnownFileType = file.storyboard; name = Base; path = Base.lproj/Main.storyboard; sourceTree = "<group>"; };
		B9B92DDD25644A3F005D9B86 /* XY_APP.xcdatamodel */ = {isa = PBXFileReference; lastKnownFileType = wrapper.xcdatamodel; path = XY_APP.xcdatamodel; sourceTree = "<group>"; };
		B9B92DDF25644A41005D9B86 /* Assets.xcassets */ = {isa = PBXFileReference; lastKnownFileType = folder.assetcatalog; path = Assets.xcassets; sourceTree = "<group>"; };
		B9B92DE225644A41005D9B86 /* Base */ = {isa = PBXFileReference; lastKnownFileType = file.storyboard; name = Base; path = Base.lproj/LaunchScreen.storyboard; sourceTree = "<group>"; };
		B9B92DE425644A41005D9B86 /* Info.plist */ = {isa = PBXFileReference; lastKnownFileType = text.plist.xml; path = Info.plist; sourceTree = "<group>"; };
		B9B92DF125644F9B005D9B86 /* SignupViewController.swift */ = {isa = PBXFileReference; fileEncoding = 4; lastKnownFileType = sourcecode.swift; path = SignupViewController.swift; sourceTree = "<group>"; };
		B9E54623256ED3BE00988B90 /* SignupRequest.swift */ = {isa = PBXFileReference; lastKnownFileType = sourcecode.swift; path = SignupRequest.swift; sourceTree = "<group>"; };
/* End PBXFileReference section */

/* Begin PBXFrameworksBuildPhase section */
		B9B92DCD25644A3F005D9B86 /* Frameworks */ = {
			isa = PBXFrameworksBuildPhase;
			buildActionMask = 2147483647;
			files = (
			);
			runOnlyForDeploymentPostprocessing = 0;
		};
/* End PBXFrameworksBuildPhase section */

/* Begin PBXGroup section */
		14175C792570F5D600C88051 /* View */ = {
			isa = PBXGroup;
			children = (
				B9B92DD925644A3F005D9B86 /* Main.storyboard */,
			);
			path = View;
			sourceTree = "<group>";
		};
		14175C7C2570F62D00C88051 /* Controller */ = {
			isa = PBXGroup;
			children = (
				B9B92DF125644F9B005D9B86 /* SignupViewController.swift */,
				B9599A3B25711D810057B7D9 /* LoginViewController.swift */,
				B9599A46257154EB0057B7D9 /* NewsFeedViewController.swift */,
				1456020F25724DEE0093FDA7 /* InterestsViewController.swift */,
				149868682573EF0900D0B981 /* CustomizeProfileViewController.swift */,
			);
			path = Controller;
			sourceTree = "<group>";
		};
		B94FA39225710C9D00A44085 /* Model */ = {
			isa = PBXGroup;
			children = (
				B94FA398257112C700A44085 /* Profile.swift */,
				B9599A3E257134E80057B7D9 /* Login.swift */,
				B9599A4125713A820057B7D9 /* Signup.swift */,
				B94D46F0257253BA00A21355 /* Post.swift */,
			);
			path = Model;
			sourceTree = "<group>";
		};
		B950D6F5256D25370065E756 /* API */ = {
			isa = PBXGroup;
			children = (
				B950D6F6256D25460065E756 /* Messages.swift */,
				B950D6FA256D25B10065E756 /* APIRequest.swift */,
				B950D6FE256DAC130065E756 /* LoginRequest.swift */,
				B9E54623256ED3BE00988B90 /* SignupRequest.swift */,
			);
			path = API;
			sourceTree = "<group>";
		};
		B9B92DC725644A3F005D9B86 = {
			isa = PBXGroup;
			children = (
				B9B92DD225644A3F005D9B86 /* XY_APP */,
				B9B92DD125644A3F005D9B86 /* Products */,
			);
			sourceTree = "<group>";
		};
		B9B92DD125644A3F005D9B86 /* Products */ = {
			isa = PBXGroup;
			children = (
				B9B92DD025644A3F005D9B86 /* XY_APP.app */,
			);
			name = Products;
			sourceTree = "<group>";
		};
		B9B92DD225644A3F005D9B86 /* XY_APP */ = {
			isa = PBXGroup;
			children = (
				B94FA39225710C9D00A44085 /* Model */,
				B950D6F5256D25370065E756 /* API */,
				B9B92DD325644A3F005D9B86 /* AppDelegate.swift */,
				B9B92DD525644A3F005D9B86 /* SceneDelegate.swift */,
				14175C7C2570F62D00C88051 /* Controller */,
				14175C792570F5D600C88051 /* View */,
				B9B92DDF25644A41005D9B86 /* Assets.xcassets */,
				B9B92DE125644A41005D9B86 /* LaunchScreen.storyboard */,
				B9B92DE425644A41005D9B86 /* Info.plist */,
				B9B92DDC25644A3F005D9B86 /* XY_APP.xcdatamodeld */,
			);
			path = XY_APP;
			sourceTree = "<group>";
		};
/* End PBXGroup section */

/* Begin PBXNativeTarget section */
		B9B92DCF25644A3F005D9B86 /* XY_APP */ = {
			isa = PBXNativeTarget;
			buildConfigurationList = B9B92DE725644A41005D9B86 /* Build configuration list for PBXNativeTarget "XY_APP" */;
			buildPhases = (
				B9B92DCC25644A3F005D9B86 /* Sources */,
				B9B92DCD25644A3F005D9B86 /* Frameworks */,
				B9B92DCE25644A3F005D9B86 /* Resources */,
			);
			buildRules = (
			);
			dependencies = (
			);
			name = XY_APP;
			productName = XY_APP;
			productReference = B9B92DD025644A3F005D9B86 /* XY_APP.app */;
			productType = "com.apple.product-type.application";
		};
/* End PBXNativeTarget section */

/* Begin PBXProject section */
		B9B92DC825644A3F005D9B86 /* Project object */ = {
			isa = PBXProject;
			attributes = {
				KnownAssetTags = (
					0,
					1,
				);
				LastSwiftUpdateCheck = 1220;
				LastUpgradeCheck = 1220;
				TargetAttributes = {
					B9B92DCF25644A3F005D9B86 = {
						CreatedOnToolsVersion = 12.2;
					};
				};
			};
			buildConfigurationList = B9B92DCB25644A3F005D9B86 /* Build configuration list for PBXProject "XY_APP" */;
			compatibilityVersion = "Xcode 9.3";
			developmentRegion = en;
			hasScannedForEncodings = 0;
			knownRegions = (
				en,
				Base,
			);
			mainGroup = B9B92DC725644A3F005D9B86;
			productRefGroup = B9B92DD125644A3F005D9B86 /* Products */;
			projectDirPath = "";
			projectRoot = "";
			targets = (
				B9B92DCF25644A3F005D9B86 /* XY_APP */,
			);
		};
/* End PBXProject section */

/* Begin PBXResourcesBuildPhase section */
		B9B92DCE25644A3F005D9B86 /* Resources */ = {
			isa = PBXResourcesBuildPhase;
			buildActionMask = 2147483647;
			files = (
				B9B92DE325644A41005D9B86 /* LaunchScreen.storyboard in Resources */,
				B9B92DE025644A41005D9B86 /* Assets.xcassets in Resources */,
				B9B92DDB25644A3F005D9B86 /* Main.storyboard in Resources */,
			);
			runOnlyForDeploymentPostprocessing = 0;
		};
/* End PBXResourcesBuildPhase section */

/* Begin PBXSourcesBuildPhase section */
		B9B92DCC25644A3F005D9B86 /* Sources */ = {
			isa = PBXSourcesBuildPhase;
			buildActionMask = 2147483647;
			files = (
				B950D6F7256D25460065E756 /* Messages.swift in Sources */,
				B9B92DDE25644A3F005D9B86 /* XY_APP.xcdatamodeld in Sources */,
				149868692573EF0900D0B981 /* CustomizeProfileViewController.swift in Sources */,
				B9B92DD425644A3F005D9B86 /* AppDelegate.swift in Sources */,
				B9B92DF225644F9B005D9B86 /* SignupViewController.swift in Sources */,
				B950D6FB256D25B10065E756 /* APIRequest.swift in Sources */,
				B9599A4225713A820057B7D9 /* Signup.swift in Sources */,
				1456021025724DEE0093FDA7 /* InterestsViewController.swift in Sources */,
				B9E54624256ED3BE00988B90 /* SignupRequest.swift in Sources */,
				B950D6FF256DAC130065E756 /* LoginRequest.swift in Sources */,
				B94D46F1257253BA00A21355 /* Post.swift in Sources */,
				B94FA399257112C700A44085 /* Profile.swift in Sources */,
				B9599A3C25711D810057B7D9 /* LoginViewController.swift in Sources */,
				B9599A3F257134E80057B7D9 /* Login.swift in Sources */,
				B9599A47257154EB0057B7D9 /* NewsFeedViewController.swift in Sources */,
				B9B92DD625644A3F005D9B86 /* SceneDelegate.swift in Sources */,
			);
			runOnlyForDeploymentPostprocessing = 0;
		};
/* End PBXSourcesBuildPhase section */

/* Begin PBXVariantGroup section */
		B9B92DD925644A3F005D9B86 /* Main.storyboard */ = {
			isa = PBXVariantGroup;
			children = (
				B9B92DDA25644A3F005D9B86 /* Base */,
			);
			name = Main.storyboard;
			sourceTree = "<group>";
		};
		B9B92DE125644A41005D9B86 /* LaunchScreen.storyboard */ = {
			isa = PBXVariantGroup;
			children = (
				B9B92DE225644A41005D9B86 /* Base */,
			);
			name = LaunchScreen.storyboard;
			sourceTree = "<group>";
		};
/* End PBXVariantGroup section */

/* Begin XCBuildConfiguration section */
		B9B92DE525644A41005D9B86 /* Debug */ = {
			isa = XCBuildConfiguration;
			buildSettings = {
				ALWAYS_SEARCH_USER_PATHS = NO;
				CLANG_ANALYZER_NONNULL = YES;
				CLANG_ANALYZER_NUMBER_OBJECT_CONVERSION = YES_AGGRESSIVE;
				CLANG_CXX_LANGUAGE_STANDARD = "gnu++14";
				CLANG_CXX_LIBRARY = "libc++";
				CLANG_ENABLE_MODULES = YES;
				CLANG_ENABLE_OBJC_ARC = YES;
				CLANG_ENABLE_OBJC_WEAK = YES;
				CLANG_WARN_BLOCK_CAPTURE_AUTORELEASING = YES;
				CLANG_WARN_BOOL_CONVERSION = YES;
				CLANG_WARN_COMMA = YES;
				CLANG_WARN_CONSTANT_CONVERSION = YES;
				CLANG_WARN_DEPRECATED_OBJC_IMPLEMENTATIONS = YES;
				CLANG_WARN_DIRECT_OBJC_ISA_USAGE = YES_ERROR;
				CLANG_WARN_DOCUMENTATION_COMMENTS = YES;
				CLANG_WARN_EMPTY_BODY = YES;
				CLANG_WARN_ENUM_CONVERSION = YES;
				CLANG_WARN_INFINITE_RECURSION = YES;
				CLANG_WARN_INT_CONVERSION = YES;
				CLANG_WARN_NON_LITERAL_NULL_CONVERSION = YES;
				CLANG_WARN_OBJC_IMPLICIT_RETAIN_SELF = YES;
				CLANG_WARN_OBJC_LITERAL_CONVERSION = YES;
				CLANG_WARN_OBJC_ROOT_CLASS = YES_ERROR;
				CLANG_WARN_QUOTED_INCLUDE_IN_FRAMEWORK_HEADER = YES;
				CLANG_WARN_RANGE_LOOP_ANALYSIS = YES;
				CLANG_WARN_STRICT_PROTOTYPES = YES;
				CLANG_WARN_SUSPICIOUS_MOVE = YES;
				CLANG_WARN_UNGUARDED_AVAILABILITY = YES_AGGRESSIVE;
				CLANG_WARN_UNREACHABLE_CODE = YES;
				CLANG_WARN__DUPLICATE_METHOD_MATCH = YES;
				COPY_PHASE_STRIP = NO;
				DEBUG_INFORMATION_FORMAT = dwarf;
				ENABLE_STRICT_OBJC_MSGSEND = YES;
				ENABLE_TESTABILITY = YES;
				GCC_C_LANGUAGE_STANDARD = gnu11;
				GCC_DYNAMIC_NO_PIC = NO;
				GCC_NO_COMMON_BLOCKS = YES;
				GCC_OPTIMIZATION_LEVEL = 0;
				GCC_PREPROCESSOR_DEFINITIONS = (
					"DEBUG=1",
					"$(inherited)",
				);
				GCC_WARN_64_TO_32_BIT_CONVERSION = YES;
				GCC_WARN_ABOUT_RETURN_TYPE = YES_ERROR;
				GCC_WARN_UNDECLARED_SELECTOR = YES;
				GCC_WARN_UNINITIALIZED_AUTOS = YES_AGGRESSIVE;
				GCC_WARN_UNUSED_FUNCTION = YES;
				GCC_WARN_UNUSED_VARIABLE = YES;
				IPHONEOS_DEPLOYMENT_TARGET = 14.2;
				MTL_ENABLE_DEBUG_INFO = INCLUDE_SOURCE;
				MTL_FAST_MATH = YES;
				ONLY_ACTIVE_ARCH = YES;
				SDKROOT = iphoneos;
				SWIFT_ACTIVE_COMPILATION_CONDITIONS = DEBUG;
				SWIFT_OPTIMIZATION_LEVEL = "-Onone";
			};
			name = Debug;
		};
		B9B92DE625644A41005D9B86 /* Release */ = {
			isa = XCBuildConfiguration;
			buildSettings = {
				ALWAYS_SEARCH_USER_PATHS = NO;
				CLANG_ANALYZER_NONNULL = YES;
				CLANG_ANALYZER_NUMBER_OBJECT_CONVERSION = YES_AGGRESSIVE;
				CLANG_CXX_LANGUAGE_STANDARD = "gnu++14";
				CLANG_CXX_LIBRARY = "libc++";
				CLANG_ENABLE_MODULES = YES;
				CLANG_ENABLE_OBJC_ARC = YES;
				CLANG_ENABLE_OBJC_WEAK = YES;
				CLANG_WARN_BLOCK_CAPTURE_AUTORELEASING = YES;
				CLANG_WARN_BOOL_CONVERSION = YES;
				CLANG_WARN_COMMA = YES;
				CLANG_WARN_CONSTANT_CONVERSION = YES;
				CLANG_WARN_DEPRECATED_OBJC_IMPLEMENTATIONS = YES;
				CLANG_WARN_DIRECT_OBJC_ISA_USAGE = YES_ERROR;
				CLANG_WARN_DOCUMENTATION_COMMENTS = YES;
				CLANG_WARN_EMPTY_BODY = YES;
				CLANG_WARN_ENUM_CONVERSION = YES;
				CLANG_WARN_INFINITE_RECURSION = YES;
				CLANG_WARN_INT_CONVERSION = YES;
				CLANG_WARN_NON_LITERAL_NULL_CONVERSION = YES;
				CLANG_WARN_OBJC_IMPLICIT_RETAIN_SELF = YES;
				CLANG_WARN_OBJC_LITERAL_CONVERSION = YES;
				CLANG_WARN_OBJC_ROOT_CLASS = YES_ERROR;
				CLANG_WARN_QUOTED_INCLUDE_IN_FRAMEWORK_HEADER = YES;
				CLANG_WARN_RANGE_LOOP_ANALYSIS = YES;
				CLANG_WARN_STRICT_PROTOTYPES = YES;
				CLANG_WARN_SUSPICIOUS_MOVE = YES;
				CLANG_WARN_UNGUARDED_AVAILABILITY = YES_AGGRESSIVE;
				CLANG_WARN_UNREACHABLE_CODE = YES;
				CLANG_WARN__DUPLICATE_METHOD_MATCH = YES;
				COPY_PHASE_STRIP = NO;
				DEBUG_INFORMATION_FORMAT = "dwarf-with-dsym";
				ENABLE_NS_ASSERTIONS = NO;
				ENABLE_STRICT_OBJC_MSGSEND = YES;
				GCC_C_LANGUAGE_STANDARD = gnu11;
				GCC_NO_COMMON_BLOCKS = YES;
				GCC_WARN_64_TO_32_BIT_CONVERSION = YES;
				GCC_WARN_ABOUT_RETURN_TYPE = YES_ERROR;
				GCC_WARN_UNDECLARED_SELECTOR = YES;
				GCC_WARN_UNINITIALIZED_AUTOS = YES_AGGRESSIVE;
				GCC_WARN_UNUSED_FUNCTION = YES;
				GCC_WARN_UNUSED_VARIABLE = YES;
				IPHONEOS_DEPLOYMENT_TARGET = 14.2;
				MTL_ENABLE_DEBUG_INFO = NO;
				MTL_FAST_MATH = YES;
				SDKROOT = iphoneos;
				SWIFT_COMPILATION_MODE = wholemodule;
				SWIFT_OPTIMIZATION_LEVEL = "-O";
				VALIDATE_PRODUCT = YES;
			};
			name = Release;
		};
		B9B92DE825644A41005D9B86 /* Debug */ = {
			isa = XCBuildConfiguration;
			buildSettings = {
				ASSETCATALOG_COMPILER_APPICON_NAME = AppIcon;
				ASSETCATALOG_COMPILER_GLOBAL_ACCENT_COLOR_NAME = AccentColor;
				CODE_SIGN_STYLE = Automatic;
				DEVELOPMENT_TEAM = Z9R45SX78W;
				INFOPLIST_FILE = XY_APP/Info.plist;
				IPHONEOS_DEPLOYMENT_TARGET = 14.0;
				LD_RUNPATH_SEARCH_PATHS = (
					"$(inherited)",
					"@executable_path/Frameworks",
				);
				PRODUCT_BUNDLE_IDENTIFIER = "com.XY.XY-APP";
				PRODUCT_NAME = "$(TARGET_NAME)";
				SWIFT_VERSION = 5.0;
				TARGETED_DEVICE_FAMILY = 1;
			};
			name = Debug;
		};
		B9B92DE925644A41005D9B86 /* Release */ = {
			isa = XCBuildConfiguration;
			buildSettings = {
				ASSETCATALOG_COMPILER_APPICON_NAME = AppIcon;
				ASSETCATALOG_COMPILER_GLOBAL_ACCENT_COLOR_NAME = AccentColor;
				CODE_SIGN_STYLE = Automatic;
				DEVELOPMENT_TEAM = Z9R45SX78W;
				INFOPLIST_FILE = XY_APP/Info.plist;
				IPHONEOS_DEPLOYMENT_TARGET = 14.0;
				LD_RUNPATH_SEARCH_PATHS = (
					"$(inherited)",
					"@executable_path/Frameworks",
				);
				PRODUCT_BUNDLE_IDENTIFIER = "com.XY.XY-APP";
				PRODUCT_NAME = "$(TARGET_NAME)";
				SWIFT_VERSION = 5.0;
				TARGETED_DEVICE_FAMILY = 1;
			};
			name = Release;
		};
/* End XCBuildConfiguration section */

/* Begin XCConfigurationList section */
		B9B92DCB25644A3F005D9B86 /* Build configuration list for PBXProject "XY_APP" */ = {
			isa = XCConfigurationList;
			buildConfigurations = (
				B9B92DE525644A41005D9B86 /* Debug */,
				B9B92DE625644A41005D9B86 /* Release */,
			);
			defaultConfigurationIsVisible = 0;
			defaultConfigurationName = Release;
		};
		B9B92DE725644A41005D9B86 /* Build configuration list for PBXNativeTarget "XY_APP" */ = {
			isa = XCConfigurationList;
			buildConfigurations = (
				B9B92DE825644A41005D9B86 /* Debug */,
				B9B92DE925644A41005D9B86 /* Release */,
			);
			defaultConfigurationIsVisible = 0;
			defaultConfigurationName = Release;
		};
/* End XCConfigurationList section */

/* Begin XCVersionGroup section */
		B9B92DDC25644A3F005D9B86 /* XY_APP.xcdatamodeld */ = {
			isa = XCVersionGroup;
			children = (
				B9B92DDD25644A3F005D9B86 /* XY_APP.xcdatamodel */,
			);
			currentVersion = B9B92DDD25644A3F005D9B86 /* XY_APP.xcdatamodel */;
			path = XY_APP.xcdatamodeld;
			sourceTree = "<group>";
			versionGroupType = wrapper.xcdatamodel;
		};
/* End XCVersionGroup section */
	};
	rootObject = B9B92DC825644A3F005D9B86 /* Project object */;
}
